{
  "pins" : [
    {
      "identity" : "abseil-cpp-binary",
      "kind" : "remoteSourceControl",
      "location" : "https://github.com/google/abseil-cpp-binary.git",
      "state" : {
        "revision" : "bfc0b6f81adc06ce5121eb23f628473638d67c5c",
        "version" : "1.2022062300.0"
      }
    },
    {
      "identity" : "bigint",
      "kind" : "remoteSourceControl",
      "location" : "https://github.com/attaswift/BigInt.git",
      "state" : {
        "revision" : "0ed110f7555c34ff468e72e1686e59721f2b0da6",
        "version" : "5.3.0"
      }
    },
    {
      "identity" : "cryptoswift",
      "kind" : "remoteSourceControl",
      "location" : "https://github.com/krzyzanowskim/CryptoSwift.git",
      "state" : {
        "revision" : "12f2389aca4a07e0dd54c86ec23d0721ed88b8db",
        "version" : "1.4.3"
      }
    },
    {
      "identity" : "firebase-ios-sdk",
      "kind" : "remoteSourceControl",
      "location" : "https://github.com/firebase/firebase-ios-sdk.git",
      "state" : {
        "revision" : "5034479ca0c4f32f299677fb0ba1fe4d3e3e20b4",
        "version" : "10.10.0"
      }
    },
    {
      "identity" : "googleappmeasurement",
      "kind" : "remoteSourceControl",
      "location" : "https://github.com/google/GoogleAppMeasurement.git",
      "state" : {
        "revision" : "69f5b8425dd473d2f2475bba7f88f82cd9da0e36",
        "version" : "10.10.0"
      }
    },
    {
      "identity" : "googledatatransport",
      "kind" : "remoteSourceControl",
      "location" : "https://github.com/google/GoogleDataTransport.git",
      "state" : {
        "revision" : "f6b558e3f801f2cac336b04f615ce111fa9ddaa0",
        "version" : "9.2.1"
      }
    },
    {
      "identity" : "googleutilities",
      "kind" : "remoteSourceControl",
      "location" : "https://github.com/google/GoogleUtilities.git",
      "state" : {
        "revision" : "0543562f85620b5b7c510c6bcbef75b562a5127b",
        "version" : "7.11.0"
      }
    },
    {
      "identity" : "grpc-binary",
      "kind" : "remoteSourceControl",
      "location" : "https://github.com/google/grpc-binary.git",
      "state" : {
        "revision" : "2b7656d8ee892cd39db460b1a0d849de618405e6",
        "version" : "1.50.1"
      }
    },
    {
      "identity" : "gtm-session-fetcher",
      "kind" : "remoteSourceControl",
      "location" : "https://github.com/google/gtm-session-fetcher.git",
      "state" : {
        "revision" : "96d7cc73a71ce950723aa3c50ce4fb275ae180b8",
        "version" : "3.1.0"
      }
    },
    {
      "identity" : "kingfisher",
      "kind" : "remoteSourceControl",
      "location" : "https://github.com/onevcat/Kingfisher",
      "state" : {
        "revision" : "af4be924ad984cf4d16f4ae4df424e79a443d435",
        "version" : "7.6.2"
      }
    },
    {
      "identity" : "leveldb",
      "kind" : "remoteSourceControl",
      "location" : "https://github.com/firebase/leveldb.git",
      "state" : {
        "revision" : "0706abcc6b0bd9cedfbb015ba840e4a780b5159b",
        "version" : "1.22.2"
      }
    },
    {
      "identity" : "magic-ios",
      "kind" : "remoteSourceControl",
      "location" : "https://github.com/magiclabs/magic-ios.git",
      "state" : {
        "revision" : "c303c7a7a41b8f415e5b73c6b0ed7eb9772d7e3b",
        "version" : "8.1.1"
      }
    },
    {
      "identity" : "magic-ios-ext",
      "kind" : "remoteSourceControl",
      "location" : "https://github.com/magiclabs/magic-ios-ext",
      "state" : {
        "revision" : "f5635797f6b8224bb212d21fef56b8b190a58ce1",
        "version" : "2.0.1"
      }
    },
    {
      "identity" : "nanopb",
      "kind" : "remoteSourceControl",
      "location" : "https://github.com/firebase/nanopb.git",
      "state" : {
        "revision" : "819d0a2173aff699fb8c364b6fb906f7cdb1a692",
        "version" : "2.30909.0"
      }
    },
    {
      "identity" : "promisekit",
      "kind" : "remoteSourceControl",
      "location" : "https://github.com/mxcl/PromiseKit.git",
      "state" : {
        "revision" : "8a98e31a47854d3180882c8068cc4d9381bf382d",
        "version" : "6.22.1"
      }
    },
    {
      "identity" : "promises",
      "kind" : "remoteSourceControl",
      "location" : "https://github.com/google/promises.git",
      "state" : {
        "revision" : "ec957ccddbcc710ccc64c9dcbd4c7006fcf8b73a",
        "version" : "2.2.0"
      }
    },
    {
      "identity" : "secp256k1.swift",
      "kind" : "remoteSourceControl",
      "location" : "https://github.com/Boilertalk/secp256k1.swift.git",
      "state" : {
        "revision" : "cd187c632fb812fd93711a9f7e644adb7e5f97f0",
        "version" : "0.1.7"
      }
    },
    {
      "identity" : "starscream",
      "kind" : "remoteSourceControl",
      "location" : "https://github.com/daltoniam/Starscream.git",
      "state" : {
        "revision" : "df8d82047f6654d8e4b655d1b1525c64e1059d21",
        "version" : "4.0.4"
      }
    },
    {
      "identity" : "swift-protobuf",
      "kind" : "remoteSourceControl",
      "location" : "https://github.com/apple/swift-protobuf.git",
      "state" : {
        "revision" : "0af9125c4eae12a4973fb66574c53a54962a9e1e",
        "version" : "1.21.0"
      }
    },
    {
      "identity" : "walletconnectswift",
      "kind" : "remoteSourceControl",
      "location" : "https://github.com/penachett/WalletConnectSwift",
      "state" : {
        "revision" : "f4541c1aafd35edffc6ba402e17de2c15219e918",
        "version" : "1.6.3"
      }
    },
    {
      "identity" : "web3.swift",
      "kind" : "remoteSourceControl",
      "location" : "https://github.com/magiclabs/Web3.swift.git",
      "state" : {
        "revision" : "6e99e72c53f2b47f2f01f991aad2504f0f55b433",
        "version" : "1.1.0"
      }
    }
  ],
  "version" : 2
}
