// !$*UTF8*$!
{
	archiveVersion = 1;
	classes = {
	};
	objectVersion = 55;
	objects = {

/* Begin PBXBuildFile section */
		7C1A2BDA299F0F6E00C0253D /* PopUpModifier.swift in Sources */ = {isa = PBXBuildFile; fileRef = 7C1A2BD9299F0F6D00C0253D /* PopUpModifier.swift */; };
		7C1A2BDC299F23EA00C0253D /* Order.swift in Sources */ = {isa = PBXBuildFile; fileRef = 7C1A2BDB299F23EA00C0253D /* Order.swift */; };
		7C45EC20299B26B300F3B439 /* FollisApp.swift in Sources */ = {isa = PBXBuildFile; fileRef = 7C45EC1F299B26B300F3B439 /* FollisApp.swift */; };
		7C45EC22299B26B300F3B439 /* ContentView.swift in Sources */ = {isa = PBXBuildFile; fileRef = 7C45EC21299B26B300F3B439 /* ContentView.swift */; };
		7C45EC24299B26B900F3B439 /* Assets.xcassets in Resources */ = {isa = PBXBuildFile; fileRef = 7C45EC23299B26B900F3B439 /* Assets.xcassets */; };
		7C45EC27299B26B900F3B439 /* Preview Assets.xcassets in Resources */ = {isa = PBXBuildFile; fileRef = 7C45EC26299B26B900F3B439 /* Preview Assets.xcassets */; };
		7C45EC34299B298800F3B439 /* CustomInputTextField.swift in Sources */ = {isa = PBXBuildFile; fileRef = 7C45EC33299B298800F3B439 /* CustomInputTextField.swift */; };
		7C45EC38299B2AC700F3B439 /* ButtonModifier.swift in Sources */ = {isa = PBXBuildFile; fileRef = 7C45EC37299B2AC700F3B439 /* ButtonModifier.swift */; };
		7C45EC3E299B2CF700F3B439 /* WelcomeView.swift in Sources */ = {isa = PBXBuildFile; fileRef = 7C45EC3D299B2CF700F3B439 /* WelcomeView.swift */; };
		7C45EC40299B2D0100F3B439 /* AuthViewModel.swift in Sources */ = {isa = PBXBuildFile; fileRef = 7C45EC3F299B2D0100F3B439 /* AuthViewModel.swift */; };
		7C45EC44299B2D5200F3B439 /* SignUpViewOne.swift in Sources */ = {isa = PBXBuildFile; fileRef = 7C45EC43299B2D5200F3B439 /* SignUpViewOne.swift */; };
		7C45EC46299B2D5F00F3B439 /* SignUpViewTwo.swift in Sources */ = {isa = PBXBuildFile; fileRef = 7C45EC45299B2D5F00F3B439 /* SignUpViewTwo.swift */; };
		7C45EC48299B2EE200F3B439 /* GoogleService-Info.plist in Resources */ = {isa = PBXBuildFile; fileRef = 7C45EC47299B2EE100F3B439 /* GoogleService-Info.plist */; };
		7C45EC54299B309000F3B439 /* FirebaseAuth in Frameworks */ = {isa = PBXBuildFile; productRef = 7C45EC53299B309000F3B439 /* FirebaseAuth */; };
		7C45EC56299B309000F3B439 /* FirebaseFirestore in Frameworks */ = {isa = PBXBuildFile; productRef = 7C45EC55299B309000F3B439 /* FirebaseFirestore */; };
		7C45EC58299B309000F3B439 /* FirebaseFirestoreSwift in Frameworks */ = {isa = PBXBuildFile; productRef = 7C45EC57299B309000F3B439 /* FirebaseFirestoreSwift */; };
		7C45EC5A299B309000F3B439 /* FirebaseStorage in Frameworks */ = {isa = PBXBuildFile; productRef = 7C45EC59299B309000F3B439 /* FirebaseStorage */; };
		7C45EC5D299B32B200F3B439 /* UserService.swift in Sources */ = {isa = PBXBuildFile; fileRef = 7C45EC5C299B32B100F3B439 /* UserService.swift */; };
		7C45EC60299B341400F3B439 /* User.swift in Sources */ = {isa = PBXBuildFile; fileRef = 7C45EC5F299B341400F3B439 /* User.swift */; };
		7C45EC62299B354A00F3B439 /* AppState.swift in Sources */ = {isa = PBXBuildFile; fileRef = 7C45EC61299B354A00F3B439 /* AppState.swift */; };
		7C8BBD0729A15AD300414DF0 /* StartButtonModifier.swift in Sources */ = {isa = PBXBuildFile; fileRef = 7C8BBD0629A15AD300414DF0 /* StartButtonModifier.swift */; };
		7CA914BF299DB9790006ED5B /* User2.swift in Sources */ = {isa = PBXBuildFile; fileRef = 7CA914BE299DB9790006ED5B /* User2.swift */; };
		7CD78BF5299DE8C8002E01E1 /* PasswordView.swift in Sources */ = {isa = PBXBuildFile; fileRef = 7CD78BF4299DE8C8002E01E1 /* PasswordView.swift */; };
		7CD78BF7299DEE47002E01E1 /* SettingsView.swift in Sources */ = {isa = PBXBuildFile; fileRef = 7CD78BF6299DEE47002E01E1 /* SettingsView.swift */; };
		7CD78BFB299DEF7E002E01E1 /* FundsView.swift in Sources */ = {isa = PBXBuildFile; fileRef = 7CD78BFA299DEF7E002E01E1 /* FundsView.swift */; };
		7CD78BFF299DF684002E01E1 /* TransactionView.swift in Sources */ = {isa = PBXBuildFile; fileRef = 7CD78BFE299DF684002E01E1 /* TransactionView.swift */; };
		7CF441DD299F3F1100A4C660 /* OrderItemView.swift in Sources */ = {isa = PBXBuildFile; fileRef = 7CF441DC299F3F1100A4C660 /* OrderItemView.swift */; };
		7CF74DC7299C620C002B2BB9 /* GetStartedButtonModifier.swift in Sources */ = {isa = PBXBuildFile; fileRef = 7CF74DC6299C620B002B2BB9 /* GetStartedButtonModifier.swift */; };
		7CF74DC9299C638F002B2BB9 /* EmailView.swift in Sources */ = {isa = PBXBuildFile; fileRef = 7CF74DC8299C638F002B2BB9 /* EmailView.swift */; };
		7CF74DCD299C65A4002B2BB9 /* NextButtonModifier.swift in Sources */ = {isa = PBXBuildFile; fileRef = 7CF74DCC299C65A4002B2BB9 /* NextButtonModifier.swift */; };
		7CF74DCF299C72DF002B2BB9 /* SignUpViewThree.swift in Sources */ = {isa = PBXBuildFile; fileRef = 7CF74DCE299C72DF002B2BB9 /* SignUpViewThree.swift */; };
		7CF74DD1299C738D002B2BB9 /* SignUpViewFour.swift in Sources */ = {isa = PBXBuildFile; fileRef = 7CF74DD0299C738D002B2BB9 /* SignUpViewFour.swift */; };
		7CF74DD3299C76F2002B2BB9 /* UserTypeButtonModifier.swift in Sources */ = {isa = PBXBuildFile; fileRef = 7CF74DD2299C76F2002B2BB9 /* UserTypeButtonModifier.swift */; };
		7CFE305B29A05EB600283B21 /* Launch Screen.storyboard in Resources */ = {isa = PBXBuildFile; fileRef = 7CFE305A29A05EB600283B21 /* Launch Screen.storyboard */; };
		E943114929A179B700E26EBE /* KeyboardResponder.swift in Sources */ = {isa = PBXBuildFile; fileRef = E943114829A179B700E26EBE /* KeyboardResponder.swift */; };
		E94ABC0A29A0438D004DEC26 /* Router.swift in Sources */ = {isa = PBXBuildFile; fileRef = E94ABC0929A0438D004DEC26 /* Router.swift */; };
		E94ABC0E29A05FF4004DEC26 /* txCell.swift in Sources */ = {isa = PBXBuildFile; fileRef = E94ABC0D29A05FF4004DEC26 /* txCell.swift */; };
		E94ABC1029A07D76004DEC26 /* transaction.swift in Sources */ = {isa = PBXBuildFile; fileRef = E94ABC0F29A07D76004DEC26 /* transaction.swift */; };
		E9A1AF8E29A0115C00ED580E /* decodeJSON.swift in Sources */ = {isa = PBXBuildFile; fileRef = E9A1AF8D29A0115B00ED580E /* decodeJSON.swift */; };
		E9A1AF9029A0141000ED580E /* JSONViewModel.swift in Sources */ = {isa = PBXBuildFile; fileRef = E9A1AF8F29A0141000ED580E /* JSONViewModel.swift */; };
/* End PBXBuildFile section */

/* Begin PBXFileReference section */
		7C1A2BD9299F0F6D00C0253D /* PopUpModifier.swift */ = {isa = PBXFileReference; lastKnownFileType = sourcecode.swift; path = PopUpModifier.swift; sourceTree = "<group>"; };
		7C1A2BDB299F23EA00C0253D /* Order.swift */ = {isa = PBXFileReference; lastKnownFileType = sourcecode.swift; path = Order.swift; sourceTree = "<group>"; };
		7C45EC1C299B26B300F3B439 /* Follis.app */ = {isa = PBXFileReference; explicitFileType = wrapper.application; includeInIndex = 0; path = Follis.app; sourceTree = BUILT_PRODUCTS_DIR; };
		7C45EC1F299B26B300F3B439 /* FollisApp.swift */ = {isa = PBXFileReference; lastKnownFileType = sourcecode.swift; path = FollisApp.swift; sourceTree = "<group>"; };
		7C45EC21299B26B300F3B439 /* ContentView.swift */ = {isa = PBXFileReference; lastKnownFileType = sourcecode.swift; path = ContentView.swift; sourceTree = "<group>"; };
		7C45EC23299B26B900F3B439 /* Assets.xcassets */ = {isa = PBXFileReference; lastKnownFileType = folder.assetcatalog; path = Assets.xcassets; sourceTree = "<group>"; };
		7C45EC26299B26B900F3B439 /* Preview Assets.xcassets */ = {isa = PBXFileReference; lastKnownFileType = folder.assetcatalog; path = "Preview Assets.xcassets"; sourceTree = "<group>"; };
		7C45EC33299B298800F3B439 /* CustomInputTextField.swift */ = {isa = PBXFileReference; lastKnownFileType = sourcecode.swift; path = CustomInputTextField.swift; sourceTree = "<group>"; };
		7C45EC37299B2AC700F3B439 /* ButtonModifier.swift */ = {isa = PBXFileReference; lastKnownFileType = sourcecode.swift; path = ButtonModifier.swift; sourceTree = "<group>"; };
		7C45EC3D299B2CF700F3B439 /* WelcomeView.swift */ = {isa = PBXFileReference; lastKnownFileType = sourcecode.swift; path = WelcomeView.swift; sourceTree = "<group>"; };
		7C45EC3F299B2D0100F3B439 /* AuthViewModel.swift */ = {isa = PBXFileReference; lastKnownFileType = sourcecode.swift; path = AuthViewModel.swift; sourceTree = "<group>"; };
		7C45EC43299B2D5200F3B439 /* SignUpViewOne.swift */ = {isa = PBXFileReference; lastKnownFileType = sourcecode.swift; path = SignUpViewOne.swift; sourceTree = "<group>"; };
		7C45EC45299B2D5F00F3B439 /* SignUpViewTwo.swift */ = {isa = PBXFileReference; lastKnownFileType = sourcecode.swift; path = SignUpViewTwo.swift; sourceTree = "<group>"; };
		7C45EC47299B2EE100F3B439 /* GoogleService-Info.plist */ = {isa = PBXFileReference; fileEncoding = 4; lastKnownFileType = text.plist.xml; path = "GoogleService-Info.plist"; sourceTree = "<group>"; };
		7C45EC5C299B32B100F3B439 /* UserService.swift */ = {isa = PBXFileReference; lastKnownFileType = sourcecode.swift; path = UserService.swift; sourceTree = "<group>"; };
		7C45EC5F299B341400F3B439 /* User.swift */ = {isa = PBXFileReference; lastKnownFileType = sourcecode.swift; path = User.swift; sourceTree = "<group>"; };
		7C45EC61299B354A00F3B439 /* AppState.swift */ = {isa = PBXFileReference; lastKnownFileType = sourcecode.swift; path = AppState.swift; sourceTree = "<group>"; };
		7C8BBD0629A15AD300414DF0 /* StartButtonModifier.swift */ = {isa = PBXFileReference; lastKnownFileType = sourcecode.swift; path = StartButtonModifier.swift; sourceTree = "<group>"; };
		7CA914BE299DB9790006ED5B /* User2.swift */ = {isa = PBXFileReference; lastKnownFileType = sourcecode.swift; path = User2.swift; sourceTree = "<group>"; };
		7CD78BF4299DE8C8002E01E1 /* PasswordView.swift */ = {isa = PBXFileReference; lastKnownFileType = sourcecode.swift; path = PasswordView.swift; sourceTree = "<group>"; };
		7CD78BF6299DEE47002E01E1 /* SettingsView.swift */ = {isa = PBXFileReference; lastKnownFileType = sourcecode.swift; path = SettingsView.swift; sourceTree = "<group>"; };
		7CD78BFA299DEF7E002E01E1 /* FundsView.swift */ = {isa = PBXFileReference; lastKnownFileType = sourcecode.swift; path = FundsView.swift; sourceTree = "<group>"; };
		7CD78BFE299DF684002E01E1 /* TransactionView.swift */ = {isa = PBXFileReference; lastKnownFileType = sourcecode.swift; path = TransactionView.swift; sourceTree = "<group>"; };
		7CF441DC299F3F1100A4C660 /* OrderItemView.swift */ = {isa = PBXFileReference; lastKnownFileType = sourcecode.swift; path = OrderItemView.swift; sourceTree = "<group>"; };
		7CF74DC6299C620B002B2BB9 /* GetStartedButtonModifier.swift */ = {isa = PBXFileReference; lastKnownFileType = sourcecode.swift; path = GetStartedButtonModifier.swift; sourceTree = "<group>"; };
		7CF74DC8299C638F002B2BB9 /* EmailView.swift */ = {isa = PBXFileReference; lastKnownFileType = sourcecode.swift; path = EmailView.swift; sourceTree = "<group>"; };
		7CF74DCC299C65A4002B2BB9 /* NextButtonModifier.swift */ = {isa = PBXFileReference; lastKnownFileType = sourcecode.swift; path = NextButtonModifier.swift; sourceTree = "<group>"; };
		7CF74DCE299C72DF002B2BB9 /* SignUpViewThree.swift */ = {isa = PBXFileReference; lastKnownFileType = sourcecode.swift; path = SignUpViewThree.swift; sourceTree = "<group>"; };
		7CF74DD0299C738D002B2BB9 /* SignUpViewFour.swift */ = {isa = PBXFileReference; lastKnownFileType = sourcecode.swift; path = SignUpViewFour.swift; sourceTree = "<group>"; };
		7CF74DD2299C76F2002B2BB9 /* UserTypeButtonModifier.swift */ = {isa = PBXFileReference; lastKnownFileType = sourcecode.swift; path = UserTypeButtonModifier.swift; sourceTree = "<group>"; };
		7CFE305729A05CC100283B21 /* Info.plist */ = {isa = PBXFileReference; lastKnownFileType = text.plist; path = Info.plist; sourceTree = "<group>"; };
		7CFE305A29A05EB600283B21 /* Launch Screen.storyboard */ = {isa = PBXFileReference; lastKnownFileType = file.storyboard; path = "Launch Screen.storyboard"; sourceTree = "<group>"; };
		E943114829A179B700E26EBE /* KeyboardResponder.swift */ = {isa = PBXFileReference; lastKnownFileType = sourcecode.swift; path = KeyboardResponder.swift; sourceTree = "<group>"; };
		E94ABC0929A0438D004DEC26 /* Router.swift */ = {isa = PBXFileReference; lastKnownFileType = sourcecode.swift; path = Router.swift; sourceTree = "<group>"; };
		E94ABC0D29A05FF4004DEC26 /* txCell.swift */ = {isa = PBXFileReference; lastKnownFileType = sourcecode.swift; path = txCell.swift; sourceTree = "<group>"; };
		E94ABC0F29A07D76004DEC26 /* transaction.swift */ = {isa = PBXFileReference; lastKnownFileType = sourcecode.swift; path = transaction.swift; sourceTree = "<group>"; };
		E9A1AF8D29A0115B00ED580E /* decodeJSON.swift */ = {isa = PBXFileReference; lastKnownFileType = sourcecode.swift; path = decodeJSON.swift; sourceTree = "<group>"; };
		E9A1AF8F29A0141000ED580E /* JSONViewModel.swift */ = {isa = PBXFileReference; lastKnownFileType = sourcecode.swift; path = JSONViewModel.swift; sourceTree = "<group>"; };
/* End PBXFileReference section */

/* Begin PBXFrameworksBuildPhase section */
		7C45EC19299B26B300F3B439 /* Frameworks */ = {
			isa = PBXFrameworksBuildPhase;
			buildActionMask = 2147483647;
			files = (
				7C45EC54299B309000F3B439 /* FirebaseAuth in Frameworks */,
				7C45EC5A299B309000F3B439 /* FirebaseStorage in Frameworks */,
				7C45EC56299B309000F3B439 /* FirebaseFirestore in Frameworks */,
				7C45EC58299B309000F3B439 /* FirebaseFirestoreSwift in Frameworks */,
			);
			runOnlyForDeploymentPostprocessing = 0;
		};
/* End PBXFrameworksBuildPhase section */

/* Begin PBXGroup section */
		7C45EC13299B26B300F3B439 = {
			isa = PBXGroup;
			children = (
				7CFE305A29A05EB600283B21 /* Launch Screen.storyboard */,
				7C45EC1E299B26B300F3B439 /* Follis */,
				7C45EC1D299B26B300F3B439 /* Products */,
			);
			sourceTree = "<group>";
		};
		7C45EC1D299B26B300F3B439 /* Products */ = {
			isa = PBXGroup;
			children = (
				7C45EC1C299B26B300F3B439 /* Follis.app */,
			);
			name = Products;
			sourceTree = "<group>";
		};
		7C45EC1E299B26B300F3B439 /* Follis */ = {
			isa = PBXGroup;
			children = (
				E9A1AF8C29A0111D00ED580E /* solAPI */,
				7CFE305729A05CC100283B21 /* Info.plist */,
				7C45EC5E299B33C900F3B439 /* ViewModel */,
				7C45EC5B299B327500F3B439 /* Service */,
				7C45EC42299B2D2100F3B439 /* Model */,
				7C45EC41299B2D1B00F3B439 /* Onboarding */,
				7C45EC1F299B26B300F3B439 /* FollisApp.swift */,
				7C45EC37299B2AC700F3B439 /* ButtonModifier.swift */,
				7C45EC33299B298800F3B439 /* CustomInputTextField.swift */,
				7C45EC21299B26B300F3B439 /* ContentView.swift */,
				7C45EC23299B26B900F3B439 /* Assets.xcassets */,
				7C45EC47299B2EE100F3B439 /* GoogleService-Info.plist */,
				7C45EC25299B26B900F3B439 /* Preview Content */,
				7C45EC61299B354A00F3B439 /* AppState.swift */,
				7CF74DC6299C620B002B2BB9 /* GetStartedButtonModifier.swift */,
				7CF74DD2299C76F2002B2BB9 /* UserTypeButtonModifier.swift */,
				7CF74DCC299C65A4002B2BB9 /* NextButtonModifier.swift */,
				7CD78BF6299DEE47002E01E1 /* SettingsView.swift */,
				7CD78BFE299DF684002E01E1 /* TransactionView.swift */,
				7C1A2BD9299F0F6D00C0253D /* PopUpModifier.swift */,
				7CF441DC299F3F1100A4C660 /* OrderItemView.swift */,
				E9A1AF9529A0216300ED580E /* backendViews */,
				7C8BBD0629A15AD300414DF0 /* StartButtonModifier.swift */,
			);
			path = Follis;
			sourceTree = "<group>";
		};
		7C45EC25299B26B900F3B439 /* Preview Content */ = {
			isa = PBXGroup;
			children = (
				7C45EC26299B26B900F3B439 /* Preview Assets.xcassets */,
			);
			path = "Preview Content";
			sourceTree = "<group>";
		};
		7C45EC41299B2D1B00F3B439 /* Onboarding */ = {
			isa = PBXGroup;
			children = (
				7C45EC3D299B2CF700F3B439 /* WelcomeView.swift */,
				7CF74DC8299C638F002B2BB9 /* EmailView.swift */,
				7C45EC43299B2D5200F3B439 /* SignUpViewOne.swift */,
				7C45EC45299B2D5F00F3B439 /* SignUpViewTwo.swift */,
				7CF74DCE299C72DF002B2BB9 /* SignUpViewThree.swift */,
				7CF74DD0299C738D002B2BB9 /* SignUpViewFour.swift */,
				7CD78BF4299DE8C8002E01E1 /* PasswordView.swift */,
			);
			path = Onboarding;
			sourceTree = "<group>";
		};
		7C45EC42299B2D2100F3B439 /* Model */ = {
			isa = PBXGroup;
			children = (
				7C45EC5F299B341400F3B439 /* User.swift */,
				7CA914BE299DB9790006ED5B /* User2.swift */,
				7C1A2BDB299F23EA00C0253D /* Order.swift */,
				E94ABC0F29A07D76004DEC26 /* transaction.swift */,
			);
			path = Model;
			sourceTree = "<group>";
		};
		7C45EC5B299B327500F3B439 /* Service */ = {
			isa = PBXGroup;
			children = (
				7C45EC5C299B32B100F3B439 /* UserService.swift */,
				E94ABC0929A0438D004DEC26 /* Router.swift */,
				E943114829A179B700E26EBE /* KeyboardResponder.swift */,
			);
			path = Service;
			sourceTree = "<group>";
		};
		7C45EC5E299B33C900F3B439 /* ViewModel */ = {
			isa = PBXGroup;
			children = (
				E9A1AF8F29A0141000ED580E /* JSONViewModel.swift */,
				7C45EC3F299B2D0100F3B439 /* AuthViewModel.swift */,
			);
			path = ViewModel;
			sourceTree = "<group>";
		};
		E9A1AF8C29A0111D00ED580E /* solAPI */ = {
			isa = PBXGroup;
			children = (
				E9A1AF8D29A0115B00ED580E /* decodeJSON.swift */,
			);
			path = solAPI;
			sourceTree = "<group>";
		};
		E9A1AF9529A0216300ED580E /* backendViews */ = {
			isa = PBXGroup;
			children = (
				7CD78BFA299DEF7E002E01E1 /* FundsView.swift */,
				E94ABC0D29A05FF4004DEC26 /* txCell.swift */,
			);
			path = backendViews;
			sourceTree = "<group>";
		};
/* End PBXGroup section */

/* Begin PBXNativeTarget section */
		7C45EC1B299B26B300F3B439 /* Follis */ = {
			isa = PBXNativeTarget;
			buildConfigurationList = 7C45EC2A299B26B900F3B439 /* Build configuration list for PBXNativeTarget "Follis" */;
			buildPhases = (
				7C45EC18299B26B300F3B439 /* Sources */,
				7C45EC19299B26B300F3B439 /* Frameworks */,
				7C45EC1A299B26B300F3B439 /* Resources */,
			);
			buildRules = (
			);
			dependencies = (
			);
			name = Follis;
			packageProductDependencies = (
				7C45EC53299B309000F3B439 /* FirebaseAuth */,
				7C45EC55299B309000F3B439 /* FirebaseFirestore */,
				7C45EC57299B309000F3B439 /* FirebaseFirestoreSwift */,
				7C45EC59299B309000F3B439 /* FirebaseStorage */,
			);
			productName = Follis;
			productReference = 7C45EC1C299B26B300F3B439 /* Follis.app */;
			productType = "com.apple.product-type.application";
		};
/* End PBXNativeTarget section */

/* Begin PBXProject section */
		7C45EC14299B26B300F3B439 /* Project object */ = {
			isa = PBXProject;
			attributes = {
				BuildIndependentTargetsInParallel = 1;
				LastSwiftUpdateCheck = 1340;
				LastUpgradeCheck = 1340;
				TargetAttributes = {
					7C45EC1B299B26B300F3B439 = {
						CreatedOnToolsVersion = 13.4.1;
					};
				};
			};
			buildConfigurationList = 7C45EC17299B26B300F3B439 /* Build configuration list for PBXProject "Follis" */;
			compatibilityVersion = "Xcode 13.0";
			developmentRegion = en;
			hasScannedForEncodings = 0;
			knownRegions = (
				en,
				Base,
			);
			mainGroup = 7C45EC13299B26B300F3B439;
			packageReferences = (
				7C45EC52299B308E00F3B439 /* XCRemoteSwiftPackageReference "firebase-ios-sdk" */,
			);
			productRefGroup = 7C45EC1D299B26B300F3B439 /* Products */;
			projectDirPath = "";
			projectRoot = "";
			targets = (
				7C45EC1B299B26B300F3B439 /* Follis */,
			);
		};
/* End PBXProject section */

/* Begin PBXResourcesBuildPhase section */
		7C45EC1A299B26B300F3B439 /* Resources */ = {
			isa = PBXResourcesBuildPhase;
			buildActionMask = 2147483647;
			files = (
				7C45EC27299B26B900F3B439 /* Preview Assets.xcassets in Resources */,
				7C45EC24299B26B900F3B439 /* Assets.xcassets in Resources */,
				7CFE305B29A05EB600283B21 /* Launch Screen.storyboard in Resources */,
				7C45EC48299B2EE200F3B439 /* GoogleService-Info.plist in Resources */,
			);
			runOnlyForDeploymentPostprocessing = 0;
		};
/* End PBXResourcesBuildPhase section */

/* Begin PBXSourcesBuildPhase section */
		7C45EC18299B26B300F3B439 /* Sources */ = {
			isa = PBXSourcesBuildPhase;
			buildActionMask = 2147483647;
			files = (
				E94ABC1029A07D76004DEC26 /* transaction.swift in Sources */,
				7CD78BF7299DEE47002E01E1 /* SettingsView.swift in Sources */,
				E9A1AF9029A0141000ED580E /* JSONViewModel.swift in Sources */,
				7C45EC44299B2D5200F3B439 /* SignUpViewOne.swift in Sources */,
				7C45EC3E299B2CF700F3B439 /* WelcomeView.swift in Sources */,
				7CF441DD299F3F1100A4C660 /* OrderItemView.swift in Sources */,
				7CF74DC9299C638F002B2BB9 /* EmailView.swift in Sources */,
				E94ABC0A29A0438D004DEC26 /* Router.swift in Sources */,
				7C45EC62299B354A00F3B439 /* AppState.swift in Sources */,
				7C45EC34299B298800F3B439 /* CustomInputTextField.swift in Sources */,
				7C45EC40299B2D0100F3B439 /* AuthViewModel.swift in Sources */,
				7C45EC22299B26B300F3B439 /* ContentView.swift in Sources */,
				7CD78BFB299DEF7E002E01E1 /* FundsView.swift in Sources */,
				7C1A2BDA299F0F6E00C0253D /* PopUpModifier.swift in Sources */,
				E94ABC0E29A05FF4004DEC26 /* txCell.swift in Sources */,
				7CF74DC7299C620C002B2BB9 /* GetStartedButtonModifier.swift in Sources */,
				7C1A2BDC299F23EA00C0253D /* Order.swift in Sources */,
				7CF74DCF299C72DF002B2BB9 /* SignUpViewThree.swift in Sources */,
				7C45EC5D299B32B200F3B439 /* UserService.swift in Sources */,
				7C45EC46299B2D5F00F3B439 /* SignUpViewTwo.swift in Sources */,
				7C45EC20299B26B300F3B439 /* FollisApp.swift in Sources */,
				E943114929A179B700E26EBE /* KeyboardResponder.swift in Sources */,
				7C45EC38299B2AC700F3B439 /* ButtonModifier.swift in Sources */,
				7CD78BFF299DF684002E01E1 /* TransactionView.swift in Sources */,
				7C8BBD0729A15AD300414DF0 /* StartButtonModifier.swift in Sources */,
				7CF74DCD299C65A4002B2BB9 /* NextButtonModifier.swift in Sources */,
				7CD78BF5299DE8C8002E01E1 /* PasswordView.swift in Sources */,
				7CF74DD3299C76F2002B2BB9 /* UserTypeButtonModifier.swift in Sources */,
				E9A1AF8E29A0115C00ED580E /* decodeJSON.swift in Sources */,
				7C45EC60299B341400F3B439 /* User.swift in Sources */,
				7CF74DD1299C738D002B2BB9 /* SignUpViewFour.swift in Sources */,
				7CA914BF299DB9790006ED5B /* User2.swift in Sources */,
			);
			runOnlyForDeploymentPostprocessing = 0;
		};
/* End PBXSourcesBuildPhase section */

/* Begin XCBuildConfiguration section */
		7C45EC28299B26B900F3B439 /* Debug */ = {
			isa = XCBuildConfiguration;
			buildSettings = {
				ALWAYS_SEARCH_USER_PATHS = NO;
				CLANG_ANALYZER_NONNULL = YES;
				CLANG_ANALYZER_NUMBER_OBJECT_CONVERSION = YES_AGGRESSIVE;
				CLANG_CXX_LANGUAGE_STANDARD = "gnu++17";
				CLANG_ENABLE_MODULES = YES;
				CLANG_ENABLE_OBJC_ARC = YES;
				CLANG_ENABLE_OBJC_WEAK = YES;
				CLANG_WARN_BLOCK_CAPTURE_AUTORELEASING = YES;
				CLANG_WARN_BOOL_CONVERSION = YES;
				CLANG_WARN_COMMA = YES;
				CLANG_WARN_CONSTANT_CONVERSION = YES;
				CLANG_WARN_DEPRECATED_OBJC_IMPLEMENTATIONS = YES;
				CLANG_WARN_DIRECT_OBJC_ISA_USAGE = YES_ERROR;
				CLANG_WARN_DOCUMENTATION_COMMENTS = YES;
				CLANG_WARN_EMPTY_BODY = YES;
				CLANG_WARN_ENUM_CONVERSION = YES;
				CLANG_WARN_INFINITE_RECURSION = YES;
				CLANG_WARN_INT_CONVERSION = YES;
				CLANG_WARN_NON_LITERAL_NULL_CONVERSION = YES;
				CLANG_WARN_OBJC_IMPLICIT_RETAIN_SELF = YES;
				CLANG_WARN_OBJC_LITERAL_CONVERSION = YES;
				CLANG_WARN_OBJC_ROOT_CLASS = YES_ERROR;
				CLANG_WARN_QUOTED_INCLUDE_IN_FRAMEWORK_HEADER = YES;
				CLANG_WARN_RANGE_LOOP_ANALYSIS = YES;
				CLANG_WARN_STRICT_PROTOTYPES = YES;
				CLANG_WARN_SUSPICIOUS_MOVE = YES;
				CLANG_WARN_UNGUARDED_AVAILABILITY = YES_AGGRESSIVE;
				CLANG_WARN_UNREACHABLE_CODE = YES;
				CLANG_WARN__DUPLICATE_METHOD_MATCH = YES;
				COPY_PHASE_STRIP = NO;
				DEBUG_INFORMATION_FORMAT = dwarf;
				ENABLE_STRICT_OBJC_MSGSEND = YES;
				ENABLE_TESTABILITY = YES;
				GCC_C_LANGUAGE_STANDARD = gnu11;
				GCC_DYNAMIC_NO_PIC = NO;
				GCC_NO_COMMON_BLOCKS = YES;
				GCC_OPTIMIZATION_LEVEL = 0;
				GCC_PREPROCESSOR_DEFINITIONS = (
					"DEBUG=1",
					"$(inherited)",
				);
				GCC_WARN_64_TO_32_BIT_CONVERSION = YES;
				GCC_WARN_ABOUT_RETURN_TYPE = YES_ERROR;
				GCC_WARN_UNDECLARED_SELECTOR = YES;
				GCC_WARN_UNINITIALIZED_AUTOS = YES_AGGRESSIVE;
				GCC_WARN_UNUSED_FUNCTION = YES;
				GCC_WARN_UNUSED_VARIABLE = YES;
				IPHONEOS_DEPLOYMENT_TARGET = 15.5;
				MTL_ENABLE_DEBUG_INFO = INCLUDE_SOURCE;
				MTL_FAST_MATH = YES;
				ONLY_ACTIVE_ARCH = YES;
				SDKROOT = iphoneos;
				SWIFT_ACTIVE_COMPILATION_CONDITIONS = DEBUG;
				SWIFT_OPTIMIZATION_LEVEL = "-Onone";
			};
			name = Debug;
		};
		7C45EC29299B26B900F3B439 /* Release */ = {
			isa = XCBuildConfiguration;
			buildSettings = {
				ALWAYS_SEARCH_USER_PATHS = NO;
				CLANG_ANALYZER_NONNULL = YES;
				CLANG_ANALYZER_NUMBER_OBJECT_CONVERSION = YES_AGGRESSIVE;
				CLANG_CXX_LANGUAGE_STANDARD = "gnu++17";
				CLANG_ENABLE_MODULES = YES;
				CLANG_ENABLE_OBJC_ARC = YES;
				CLANG_ENABLE_OBJC_WEAK = YES;
				CLANG_WARN_BLOCK_CAPTURE_AUTORELEASING = YES;
				CLANG_WARN_BOOL_CONVERSION = YES;
				CLANG_WARN_COMMA = YES;
				CLANG_WARN_CONSTANT_CONVERSION = YES;
				CLANG_WARN_DEPRECATED_OBJC_IMPLEMENTATIONS = YES;
				CLANG_WARN_DIRECT_OBJC_ISA_USAGE = YES_ERROR;
				CLANG_WARN_DOCUMENTATION_COMMENTS = YES;
				CLANG_WARN_EMPTY_BODY = YES;
				CLANG_WARN_ENUM_CONVERSION = YES;
				CLANG_WARN_INFINITE_RECURSION = YES;
				CLANG_WARN_INT_CONVERSION = YES;
				CLANG_WARN_NON_LITERAL_NULL_CONVERSION = YES;
				CLANG_WARN_OBJC_IMPLICIT_RETAIN_SELF = YES;
				CLANG_WARN_OBJC_LITERAL_CONVERSION = YES;
				CLANG_WARN_OBJC_ROOT_CLASS = YES_ERROR;
				CLANG_WARN_QUOTED_INCLUDE_IN_FRAMEWORK_HEADER = YES;
				CLANG_WARN_RANGE_LOOP_ANALYSIS = YES;
				CLANG_WARN_STRICT_PROTOTYPES = YES;
				CLANG_WARN_SUSPICIOUS_MOVE = YES;
				CLANG_WARN_UNGUARDED_AVAILABILITY = YES_AGGRESSIVE;
				CLANG_WARN_UNREACHABLE_CODE = YES;
				CLANG_WARN__DUPLICATE_METHOD_MATCH = YES;
				COPY_PHASE_STRIP = NO;
				DEBUG_INFORMATION_FORMAT = "dwarf-with-dsym";
				ENABLE_NS_ASSERTIONS = NO;
				ENABLE_STRICT_OBJC_MSGSEND = YES;
				GCC_C_LANGUAGE_STANDARD = gnu11;
				GCC_NO_COMMON_BLOCKS = YES;
				GCC_WARN_64_TO_32_BIT_CONVERSION = YES;
				GCC_WARN_ABOUT_RETURN_TYPE = YES_ERROR;
				GCC_WARN_UNDECLARED_SELECTOR = YES;
				GCC_WARN_UNINITIALIZED_AUTOS = YES_AGGRESSIVE;
				GCC_WARN_UNUSED_FUNCTION = YES;
				GCC_WARN_UNUSED_VARIABLE = YES;
				IPHONEOS_DEPLOYMENT_TARGET = 15.5;
				MTL_ENABLE_DEBUG_INFO = NO;
				MTL_FAST_MATH = YES;
				SDKROOT = iphoneos;
				SWIFT_COMPILATION_MODE = wholemodule;
				SWIFT_OPTIMIZATION_LEVEL = "-O";
				VALIDATE_PRODUCT = YES;
			};
			name = Release;
		};
		7C45EC2B299B26B900F3B439 /* Debug */ = {
			isa = XCBuildConfiguration;
			buildSettings = {
				ASSETCATALOG_COMPILER_APPICON_NAME = AppIcon;
				ASSETCATALOG_COMPILER_GLOBAL_ACCENT_COLOR_NAME = AccentColor;
				ASSETCATALOG_COMPILER_INCLUDE_ALL_APPICON_ASSETS = YES;
				CODE_SIGN_STYLE = Automatic;
				CURRENT_PROJECT_VERSION = 1;
				DEVELOPMENT_ASSET_PATHS = "\"Follis/Preview Content\"";
				DEVELOPMENT_TEAM = U28DY7SUR7;
				ENABLE_PREVIEWS = YES;
				GENERATE_INFOPLIST_FILE = YES;
				INFOPLIST_FILE = Follis/Info.plist;
				INFOPLIST_KEY_CFBundleDisplayName = Follis;
				INFOPLIST_KEY_UIApplicationSceneManifest_Generation = YES;
				INFOPLIST_KEY_UIApplicationSupportsIndirectInputEvents = YES;
				INFOPLIST_KEY_UILaunchStoryboardName = "Launch Screen.storyboard";
				INFOPLIST_KEY_UISupportedInterfaceOrientations = UIInterfaceOrientationPortrait;
				INFOPLIST_KEY_UISupportedInterfaceOrientations_iPad = "UIInterfaceOrientationPortrait UIInterfaceOrientationPortraitUpsideDown UIInterfaceOrientationLandscapeLeft UIInterfaceOrientationLandscapeRight";
				INFOPLIST_KEY_UISupportedInterfaceOrientations_iPhone = "UIInterfaceOrientationPortrait UIInterfaceOrientationLandscapeLeft UIInterfaceOrientationLandscapeRight";
				INFOPLIST_KEY_UIUserInterfaceStyle = Light;
				IPHONEOS_DEPLOYMENT_TARGET = 15;
				LD_RUNPATH_SEARCH_PATHS = (
					"$(inherited)",
					"@executable_path/Frameworks",
				);
				MARKETING_VERSION = 1.0;
				PRODUCT_BUNDLE_IDENTIFIER = com.MealX.MealX;
				PRODUCT_NAME = "$(TARGET_NAME)";
				SWIFT_EMIT_LOC_STRINGS = YES;
				SWIFT_VERSION = 5.0;
				TARGETED_DEVICE_FAMILY = 1;
			};
			name = Debug;
		};
		7C45EC2C299B26B900F3B439 /* Release */ = {
			isa = XCBuildConfiguration;
			buildSettings = {
				ASSETCATALOG_COMPILER_APPICON_NAME = AppIcon;
				ASSETCATALOG_COMPILER_GLOBAL_ACCENT_COLOR_NAME = AccentColor;
				ASSETCATALOG_COMPILER_INCLUDE_ALL_APPICON_ASSETS = YES;
				CODE_SIGN_STYLE = Automatic;
				CURRENT_PROJECT_VERSION = 1;
				DEVELOPMENT_ASSET_PATHS = "\"Follis/Preview Content\"";
				DEVELOPMENT_TEAM = U28DY7SUR7;
				ENABLE_PREVIEWS = YES;
				GENERATE_INFOPLIST_FILE = YES;
				INFOPLIST_FILE = Follis/Info.plist;
				INFOPLIST_KEY_CFBundleDisplayName = Follis;
				INFOPLIST_KEY_UIApplicationSceneManifest_Generation = YES;
				INFOPLIST_KEY_UIApplicationSupportsIndirectInputEvents = YES;
				INFOPLIST_KEY_UILaunchStoryboardName = "Launch Screen.storyboard";
				INFOPLIST_KEY_UISupportedInterfaceOrientations = UIInterfaceOrientationPortrait;
				INFOPLIST_KEY_UISupportedInterfaceOrientations_iPad = "UIInterfaceOrientationPortrait UIInterfaceOrientationPortraitUpsideDown UIInterfaceOrientationLandscapeLeft UIInterfaceOrientationLandscapeRight";
				INFOPLIST_KEY_UISupportedInterfaceOrientations_iPhone = "UIInterfaceOrientationPortrait UIInterfaceOrientationLandscapeLeft UIInterfaceOrientationLandscapeRight";
				INFOPLIST_KEY_UIUserInterfaceStyle = Light;
				IPHONEOS_DEPLOYMENT_TARGET = 15;
				LD_RUNPATH_SEARCH_PATHS = (
					"$(inherited)",
					"@executable_path/Frameworks",
				);
				MARKETING_VERSION = 1.0;
				PRODUCT_BUNDLE_IDENTIFIER = com.MealX.MealX;
				PRODUCT_NAME = "$(TARGET_NAME)";
				SWIFT_EMIT_LOC_STRINGS = YES;
				SWIFT_VERSION = 5.0;
				TARGETED_DEVICE_FAMILY = 1;
			};
			name = Release;
		};
/* End XCBuildConfiguration section */

/* Begin XCConfigurationList section */
		7C45EC17299B26B300F3B439 /* Build configuration list for PBXProject "Follis" */ = {
			isa = XCConfigurationList;
			buildConfigurations = (
				7C45EC28299B26B900F3B439 /* Debug */,
				7C45EC29299B26B900F3B439 /* Release */,
			);
			defaultConfigurationIsVisible = 0;
			defaultConfigurationName = Release;
		};
		7C45EC2A299B26B900F3B439 /* Build configuration list for PBXNativeTarget "Follis" */ = {
			isa = XCConfigurationList;
			buildConfigurations = (
				7C45EC2B299B26B900F3B439 /* Debug */,
				7C45EC2C299B26B900F3B439 /* Release */,
			);
			defaultConfigurationIsVisible = 0;
			defaultConfigurationName = Release;
		};
/* End XCConfigurationList section */

/* Begin XCRemoteSwiftPackageReference section */
		7C45EC52299B308E00F3B439 /* XCRemoteSwiftPackageReference "firebase-ios-sdk" */ = {
			isa = XCRemoteSwiftPackageReference;
			repositoryURL = "https://github.com/firebase/firebase-ios-sdk";
			requirement = {
				branch = master;
				kind = branch;
			};
		};
/* End XCRemoteSwiftPackageReference section */

/* Begin XCSwiftPackageProductDependency section */
		7C45EC53299B309000F3B439 /* FirebaseAuth */ = {
			isa = XCSwiftPackageProductDependency;
			package = 7C45EC52299B308E00F3B439 /* XCRemoteSwiftPackageReference "firebase-ios-sdk" */;
			productName = FirebaseAuth;
		};
		7C45EC55299B309000F3B439 /* FirebaseFirestore */ = {
			isa = XCSwiftPackageProductDependency;
			package = 7C45EC52299B308E00F3B439 /* XCRemoteSwiftPackageReference "firebase-ios-sdk" */;
			productName = FirebaseFirestore;
		};
		7C45EC57299B309000F3B439 /* FirebaseFirestoreSwift */ = {
			isa = XCSwiftPackageProductDependency;
			package = 7C45EC52299B308E00F3B439 /* XCRemoteSwiftPackageReference "firebase-ios-sdk" */;
			productName = FirebaseFirestoreSwift;
		};
		7C45EC59299B309000F3B439 /* FirebaseStorage */ = {
			isa = XCSwiftPackageProductDependency;
			package = 7C45EC52299B308E00F3B439 /* XCRemoteSwiftPackageReference "firebase-ios-sdk" */;
			productName = FirebaseStorage;
		};
/* End XCSwiftPackageProductDependency section */
	};
	rootObject = 7C45EC14299B26B300F3B439 /* Project object */;
}
