// !$*UTF8*$!
{
	archiveVersion = 1;
	classes = {
	};
	objectVersion = 55;
	objects = {

/* Begin PBXBuildFile section */
		7C0439DD29B90C7A0037EE72 /* ProfileView.swift in Sources */ = {isa = PBXBuildFile; fileRef = 7C0439DC29B90C7A0037EE72 /* ProfileView.swift */; };
		7C0439DF29B90E130037EE72 /* ProfileItemCell.swift in Sources */ = {isa = PBXBuildFile; fileRef = 7C0439DE29B90E130037EE72 /* ProfileItemCell.swift */; };
		7C0439E229B938930037EE72 /* Shop.swift in Sources */ = {isa = PBXBuildFile; fileRef = 7C0439E129B938920037EE72 /* Shop.swift */; };
		7C0439E429B939170037EE72 /* ShopViewModel.swift in Sources */ = {isa = PBXBuildFile; fileRef = 7C0439E329B939170037EE72 /* ShopViewModel.swift */; };
		7C0439E629B939620037EE72 /* ShopService.swift in Sources */ = {isa = PBXBuildFile; fileRef = 7C0439E529B939620037EE72 /* ShopService.swift */; };
		7C37106229E1EC7D00EC4E07 /* PopUpView.swift in Sources */ = {isa = PBXBuildFile; fileRef = 7C37106129E1EC7D00EC4E07 /* PopUpView.swift */; };
		7C37106429E1F30B00EC4E07 /* SheetManager.swift in Sources */ = {isa = PBXBuildFile; fileRef = 7C37106329E1F30B00EC4E07 /* SheetManager.swift */; };
		7C45EC20299B26B300F3B439 /* PareApp.swift in Sources */ = {isa = PBXBuildFile; fileRef = 7C45EC1F299B26B300F3B439 /* PareApp.swift */; };
		7C45EC22299B26B300F3B439 /* ContentView.swift in Sources */ = {isa = PBXBuildFile; fileRef = 7C45EC21299B26B300F3B439 /* ContentView.swift */; };
		7C45EC24299B26B900F3B439 /* Assets.xcassets in Resources */ = {isa = PBXBuildFile; fileRef = 7C45EC23299B26B900F3B439 /* Assets.xcassets */; };
		7C45EC27299B26B900F3B439 /* Preview Assets.xcassets in Resources */ = {isa = PBXBuildFile; fileRef = 7C45EC26299B26B900F3B439 /* Preview Assets.xcassets */; };
		7C45EC34299B298800F3B439 /* CustomInputTextField.swift in Sources */ = {isa = PBXBuildFile; fileRef = 7C45EC33299B298800F3B439 /* CustomInputTextField.swift */; };
		7C45EC38299B2AC700F3B439 /* ButtonModifier.swift in Sources */ = {isa = PBXBuildFile; fileRef = 7C45EC37299B2AC700F3B439 /* ButtonModifier.swift */; };
		7C45EC3E299B2CF700F3B439 /* WelcomeView.swift in Sources */ = {isa = PBXBuildFile; fileRef = 7C45EC3D299B2CF700F3B439 /* WelcomeView.swift */; };
		7C45EC40299B2D0100F3B439 /* AuthViewModel.swift in Sources */ = {isa = PBXBuildFile; fileRef = 7C45EC3F299B2D0100F3B439 /* AuthViewModel.swift */; };
		7C45EC44299B2D5200F3B439 /* SignUpViewOne.swift in Sources */ = {isa = PBXBuildFile; fileRef = 7C45EC43299B2D5200F3B439 /* SignUpViewOne.swift */; };
		7C45EC46299B2D5F00F3B439 /* SignUpViewTwo.swift in Sources */ = {isa = PBXBuildFile; fileRef = 7C45EC45299B2D5F00F3B439 /* SignUpViewTwo.swift */; };
		7C45EC5D299B32B200F3B439 /* UserService.swift in Sources */ = {isa = PBXBuildFile; fileRef = 7C45EC5C299B32B100F3B439 /* UserService.swift */; };
		7C45EC60299B341400F3B439 /* User.swift in Sources */ = {isa = PBXBuildFile; fileRef = 7C45EC5F299B341400F3B439 /* User.swift */; };
		7C45EC62299B354A00F3B439 /* AppState.swift in Sources */ = {isa = PBXBuildFile; fileRef = 7C45EC61299B354A00F3B439 /* AppState.swift */; };
		7C840AF829C2253F001F067E /* PastOrderCell.swift in Sources */ = {isa = PBXBuildFile; fileRef = 7C840AF729C2253F001F067E /* PastOrderCell.swift */; };
		7C86262429B7E88600919213 /* ShopCell.swift in Sources */ = {isa = PBXBuildFile; fileRef = 7C86262329B7E88600919213 /* ShopCell.swift */; };
		7C86262729B7EC9500919213 /* SearchBar.swift in Sources */ = {isa = PBXBuildFile; fileRef = 7C86262629B7EC9500919213 /* SearchBar.swift */; };
		7C86262929B7F0F000919213 /* ShopItemView.swift in Sources */ = {isa = PBXBuildFile; fileRef = 7C86262829B7F0F000919213 /* ShopItemView.swift */; };
		7C86262B29B7F86000919213 /* ItemCell.swift in Sources */ = {isa = PBXBuildFile; fileRef = 7C86262A29B7F86000919213 /* ItemCell.swift */; };
		7C86262D29B7FD1900919213 /* AddItemView.swift in Sources */ = {isa = PBXBuildFile; fileRef = 7C86262C29B7FD1900919213 /* AddItemView.swift */; };
		7C86262F29B8114100919213 /* AddItemCell.swift in Sources */ = {isa = PBXBuildFile; fileRef = 7C86262E29B8114100919213 /* AddItemCell.swift */; };
		7C86263129B818E400919213 /* CheckoutView.swift in Sources */ = {isa = PBXBuildFile; fileRef = 7C86263029B818E400919213 /* CheckoutView.swift */; };
		7C86263329B8195B00919213 /* OrderItemCell.swift in Sources */ = {isa = PBXBuildFile; fileRef = 7C86263229B8195B00919213 /* OrderItemCell.swift */; };
		7C86263729B839A300919213 /* OrderStatusModalView.swift in Sources */ = {isa = PBXBuildFile; fileRef = 7C86263629B839A300919213 /* OrderStatusModalView.swift */; };
		7C8BBD0729A15AD300414DF0 /* StartButtonModifier.swift in Sources */ = {isa = PBXBuildFile; fileRef = 7C8BBD0629A15AD300414DF0 /* StartButtonModifier.swift */; };
		7C97788129BA9E8500F0C6C5 /* Add.swift in Sources */ = {isa = PBXBuildFile; fileRef = 7C97788029BA9E8500F0C6C5 /* Add.swift */; };
		7C97788329BAA68900F0C6C5 /* Required.swift in Sources */ = {isa = PBXBuildFile; fileRef = 7C97788229BAA68900F0C6C5 /* Required.swift */; };
		7C97788529BAA88500F0C6C5 /* RequiredItemCell.swift in Sources */ = {isa = PBXBuildFile; fileRef = 7C97788429BAA88500F0C6C5 /* RequiredItemCell.swift */; };
		7C97788729BAA97C00F0C6C5 /* Modification.swift in Sources */ = {isa = PBXBuildFile; fileRef = 7C97788629BAA97C00F0C6C5 /* Modification.swift */; };
		7C97788929BAAA3A00F0C6C5 /* ModificationItemCell.swift in Sources */ = {isa = PBXBuildFile; fileRef = 7C97788829BAAA3A00F0C6C5 /* ModificationItemCell.swift */; };
		7CA83B4B29BA578900E4C4CD /* MenuItem.swift in Sources */ = {isa = PBXBuildFile; fileRef = 7CA83B4A29BA578900E4C4CD /* MenuItem.swift */; };
		7CA914BF299DB9790006ED5B /* UserCheck.swift in Sources */ = {isa = PBXBuildFile; fileRef = 7CA914BE299DB9790006ED5B /* UserCheck.swift */; };
		7CB5F3DF29DCE6C600A13A2B /* PaySubView.swift in Sources */ = {isa = PBXBuildFile; fileRef = 7CB5F3DE29DCE6C600A13A2B /* PaySubView.swift */; };
		7CC4189E29C16F1A004CE58B /* OrderItem.swift in Sources */ = {isa = PBXBuildFile; fileRef = 7CC4189D29C16F1A004CE58B /* OrderItem.swift */; };
		7CC418A329C1958F004CE58B /* PastOrderView.swift in Sources */ = {isa = PBXBuildFile; fileRef = 7CC418A229C1958F004CE58B /* PastOrderView.swift */; };
		7CC418A529C19598004CE58B /* HelpView.swift in Sources */ = {isa = PBXBuildFile; fileRef = 7CC418A429C19598004CE58B /* HelpView.swift */; };
		7CCCEFBC29B7C1EC00E27BAA /* SignUpViewFive.swift in Sources */ = {isa = PBXBuildFile; fileRef = 7CCCEFBB29B7C1EC00E27BAA /* SignUpViewFive.swift */; };
		7CCCEFC029B7CCCA00E27BAA /* ShopsView.swift in Sources */ = {isa = PBXBuildFile; fileRef = 7CCCEFBF29B7CCCA00E27BAA /* ShopsView.swift */; };
		7CCCEFC529B7CD2E00E27BAA /* WalletView.swift in Sources */ = {isa = PBXBuildFile; fileRef = 7CCCEFC429B7CD2E00E27BAA /* WalletView.swift */; };
		7CD78BF5299DE8C8002E01E1 /* PasswordView.swift in Sources */ = {isa = PBXBuildFile; fileRef = 7CD78BF4299DE8C8002E01E1 /* PasswordView.swift */; };
		7CEB24D729BE53CF00018FB2 /* PendingOrder.swift in Sources */ = {isa = PBXBuildFile; fileRef = 7CEB24D629BE53CF00018FB2 /* PendingOrder.swift */; };
		7CEDCD1429BBB4B700C70EF5 /* PersonalView.swift in Sources */ = {isa = PBXBuildFile; fileRef = 7CEDCD1329BBB4B700C70EF5 /* PersonalView.swift */; };
		7CF74DC7299C620C002B2BB9 /* GetStartedButtonModifier.swift in Sources */ = {isa = PBXBuildFile; fileRef = 7CF74DC6299C620B002B2BB9 /* GetStartedButtonModifier.swift */; };
		7CF74DC9299C638F002B2BB9 /* EmailView.swift in Sources */ = {isa = PBXBuildFile; fileRef = 7CF74DC8299C638F002B2BB9 /* EmailView.swift */; };
		7CF74DCD299C65A4002B2BB9 /* NextButtonModifier.swift in Sources */ = {isa = PBXBuildFile; fileRef = 7CF74DCC299C65A4002B2BB9 /* NextButtonModifier.swift */; };
		7CF74DCF299C72DF002B2BB9 /* SignUpViewThree.swift in Sources */ = {isa = PBXBuildFile; fileRef = 7CF74DCE299C72DF002B2BB9 /* SignUpViewThree.swift */; };
		7CF74DD1299C738D002B2BB9 /* SignUpViewFour.swift in Sources */ = {isa = PBXBuildFile; fileRef = 7CF74DD0299C738D002B2BB9 /* SignUpViewFour.swift */; };
		7CF74DD3299C76F2002B2BB9 /* UserTypeButtonModifier.swift in Sources */ = {isa = PBXBuildFile; fileRef = 7CF74DD2299C76F2002B2BB9 /* UserTypeButtonModifier.swift */; };
		7CFE305B29A05EB600283B21 /* Launch Screen.storyboard in Resources */ = {isa = PBXBuildFile; fileRef = 7CFE305A29A05EB600283B21 /* Launch Screen.storyboard */; };
		E943114929A179B700E26EBE /* KeyboardResponder.swift in Sources */ = {isa = PBXBuildFile; fileRef = E943114829A179B700E26EBE /* KeyboardResponder.swift */; };
		E94ABC0A29A0438D004DEC26 /* Router.swift in Sources */ = {isa = PBXBuildFile; fileRef = E94ABC0929A0438D004DEC26 /* Router.swift */; };
		E97A865929C21A100089F028 /* FirebaseAuth in Frameworks */ = {isa = PBXBuildFile; productRef = E97A865829C21A100089F028 /* FirebaseAuth */; };
		E97A865B29C21A100089F028 /* FirebaseFirestore in Frameworks */ = {isa = PBXBuildFile; productRef = E97A865A29C21A100089F028 /* FirebaseFirestore */; };
		E97A865D29C21A100089F028 /* FirebaseFirestoreSwift in Frameworks */ = {isa = PBXBuildFile; productRef = E97A865C29C21A100089F028 /* FirebaseFirestoreSwift */; };
		E9A3DA1D29CF648600F5A1D0 /* GoogleService-Info.plist in Resources */ = {isa = PBXBuildFile; fileRef = E9A3DA1C29CF648600F5A1D0 /* GoogleService-Info.plist */; };
		E9B38F9729CBE2EB0053C2FE /* Kingfisher in Frameworks */ = {isa = PBXBuildFile; productRef = E9B38F9629CBE2EB0053C2FE /* Kingfisher */; };
		E9DD9CD029C0F1D80001106E /* Order.swift in Sources */ = {isa = PBXBuildFile; fileRef = E9DD9CCF29C0F1D80001106E /* Order.swift */; };
/* End PBXBuildFile section */

/* Begin PBXFileReference section */
		7C0439DC29B90C7A0037EE72 /* ProfileView.swift */ = {isa = PBXFileReference; lastKnownFileType = sourcecode.swift; path = ProfileView.swift; sourceTree = "<group>"; };
		7C0439DE29B90E130037EE72 /* ProfileItemCell.swift */ = {isa = PBXFileReference; lastKnownFileType = sourcecode.swift; path = ProfileItemCell.swift; sourceTree = "<group>"; };
		7C0439E129B938920037EE72 /* Shop.swift */ = {isa = PBXFileReference; lastKnownFileType = sourcecode.swift; path = Shop.swift; sourceTree = "<group>"; };
		7C0439E329B939170037EE72 /* ShopViewModel.swift */ = {isa = PBXFileReference; lastKnownFileType = sourcecode.swift; path = ShopViewModel.swift; sourceTree = "<group>"; };
		7C0439E529B939620037EE72 /* ShopService.swift */ = {isa = PBXFileReference; lastKnownFileType = sourcecode.swift; path = ShopService.swift; sourceTree = "<group>"; };
		7C37106129E1EC7D00EC4E07 /* PopUpView.swift */ = {isa = PBXFileReference; lastKnownFileType = sourcecode.swift; path = PopUpView.swift; sourceTree = "<group>"; };
		7C37106329E1F30B00EC4E07 /* SheetManager.swift */ = {isa = PBXFileReference; lastKnownFileType = sourcecode.swift; path = SheetManager.swift; sourceTree = "<group>"; };
		7C45EC1C299B26B300F3B439 /* Pare.app */ = {isa = PBXFileReference; explicitFileType = wrapper.application; includeInIndex = 0; path = Pare.app; sourceTree = BUILT_PRODUCTS_DIR; };
		7C45EC1F299B26B300F3B439 /* PareApp.swift */ = {isa = PBXFileReference; lastKnownFileType = sourcecode.swift; path = PareApp.swift; sourceTree = "<group>"; };
		7C45EC21299B26B300F3B439 /* ContentView.swift */ = {isa = PBXFileReference; lastKnownFileType = sourcecode.swift; path = ContentView.swift; sourceTree = "<group>"; };
		7C45EC23299B26B900F3B439 /* Assets.xcassets */ = {isa = PBXFileReference; lastKnownFileType = folder.assetcatalog; path = Assets.xcassets; sourceTree = "<group>"; };
		7C45EC26299B26B900F3B439 /* Preview Assets.xcassets */ = {isa = PBXFileReference; lastKnownFileType = folder.assetcatalog; path = "Preview Assets.xcassets"; sourceTree = "<group>"; };
		7C45EC33299B298800F3B439 /* CustomInputTextField.swift */ = {isa = PBXFileReference; lastKnownFileType = sourcecode.swift; path = CustomInputTextField.swift; sourceTree = "<group>"; };
		7C45EC37299B2AC700F3B439 /* ButtonModifier.swift */ = {isa = PBXFileReference; lastKnownFileType = sourcecode.swift; path = ButtonModifier.swift; sourceTree = "<group>"; };
		7C45EC3D299B2CF700F3B439 /* WelcomeView.swift */ = {isa = PBXFileReference; lastKnownFileType = sourcecode.swift; path = WelcomeView.swift; sourceTree = "<group>"; };
		7C45EC3F299B2D0100F3B439 /* AuthViewModel.swift */ = {isa = PBXFileReference; lastKnownFileType = sourcecode.swift; path = AuthViewModel.swift; sourceTree = "<group>"; };
		7C45EC43299B2D5200F3B439 /* SignUpViewOne.swift */ = {isa = PBXFileReference; lastKnownFileType = sourcecode.swift; path = SignUpViewOne.swift; sourceTree = "<group>"; };
		7C45EC45299B2D5F00F3B439 /* SignUpViewTwo.swift */ = {isa = PBXFileReference; lastKnownFileType = sourcecode.swift; path = SignUpViewTwo.swift; sourceTree = "<group>"; };
		7C45EC5C299B32B100F3B439 /* UserService.swift */ = {isa = PBXFileReference; lastKnownFileType = sourcecode.swift; path = UserService.swift; sourceTree = "<group>"; };
		7C45EC5F299B341400F3B439 /* User.swift */ = {isa = PBXFileReference; lastKnownFileType = sourcecode.swift; path = User.swift; sourceTree = "<group>"; };
		7C45EC61299B354A00F3B439 /* AppState.swift */ = {isa = PBXFileReference; lastKnownFileType = sourcecode.swift; path = AppState.swift; sourceTree = "<group>"; };
		7C840AF729C2253F001F067E /* PastOrderCell.swift */ = {isa = PBXFileReference; lastKnownFileType = sourcecode.swift; path = PastOrderCell.swift; sourceTree = "<group>"; };
		7C86262329B7E88600919213 /* ShopCell.swift */ = {isa = PBXFileReference; lastKnownFileType = sourcecode.swift; path = ShopCell.swift; sourceTree = "<group>"; };
		7C86262629B7EC9500919213 /* SearchBar.swift */ = {isa = PBXFileReference; lastKnownFileType = sourcecode.swift; path = SearchBar.swift; sourceTree = "<group>"; };
		7C86262829B7F0F000919213 /* ShopItemView.swift */ = {isa = PBXFileReference; lastKnownFileType = sourcecode.swift; path = ShopItemView.swift; sourceTree = "<group>"; };
		7C86262A29B7F86000919213 /* ItemCell.swift */ = {isa = PBXFileReference; lastKnownFileType = sourcecode.swift; path = ItemCell.swift; sourceTree = "<group>"; };
		7C86262C29B7FD1900919213 /* AddItemView.swift */ = {isa = PBXFileReference; lastKnownFileType = sourcecode.swift; path = AddItemView.swift; sourceTree = "<group>"; };
		7C86262E29B8114100919213 /* AddItemCell.swift */ = {isa = PBXFileReference; lastKnownFileType = sourcecode.swift; path = AddItemCell.swift; sourceTree = "<group>"; };
		7C86263029B818E400919213 /* CheckoutView.swift */ = {isa = PBXFileReference; lastKnownFileType = sourcecode.swift; path = CheckoutView.swift; sourceTree = "<group>"; };
		7C86263229B8195B00919213 /* OrderItemCell.swift */ = {isa = PBXFileReference; lastKnownFileType = sourcecode.swift; path = OrderItemCell.swift; sourceTree = "<group>"; };
		7C86263629B839A300919213 /* OrderStatusModalView.swift */ = {isa = PBXFileReference; lastKnownFileType = sourcecode.swift; path = OrderStatusModalView.swift; sourceTree = "<group>"; };
		7C8BBD0629A15AD300414DF0 /* StartButtonModifier.swift */ = {isa = PBXFileReference; lastKnownFileType = sourcecode.swift; path = StartButtonModifier.swift; sourceTree = "<group>"; };
		7C97788029BA9E8500F0C6C5 /* Add.swift */ = {isa = PBXFileReference; lastKnownFileType = sourcecode.swift; path = Add.swift; sourceTree = "<group>"; };
		7C97788229BAA68900F0C6C5 /* Required.swift */ = {isa = PBXFileReference; lastKnownFileType = sourcecode.swift; path = Required.swift; sourceTree = "<group>"; };
		7C97788429BAA88500F0C6C5 /* RequiredItemCell.swift */ = {isa = PBXFileReference; lastKnownFileType = sourcecode.swift; path = RequiredItemCell.swift; sourceTree = "<group>"; };
		7C97788629BAA97C00F0C6C5 /* Modification.swift */ = {isa = PBXFileReference; lastKnownFileType = sourcecode.swift; path = Modification.swift; sourceTree = "<group>"; };
		7C97788829BAAA3A00F0C6C5 /* ModificationItemCell.swift */ = {isa = PBXFileReference; lastKnownFileType = sourcecode.swift; path = ModificationItemCell.swift; sourceTree = "<group>"; };
		7CA83B4A29BA578900E4C4CD /* MenuItem.swift */ = {isa = PBXFileReference; lastKnownFileType = sourcecode.swift; path = MenuItem.swift; sourceTree = "<group>"; };
		7CA914BE299DB9790006ED5B /* UserCheck.swift */ = {isa = PBXFileReference; lastKnownFileType = sourcecode.swift; path = UserCheck.swift; sourceTree = "<group>"; };
		7CB5F3DE29DCE6C600A13A2B /* PaySubView.swift */ = {isa = PBXFileReference; lastKnownFileType = sourcecode.swift; path = PaySubView.swift; sourceTree = "<group>"; };
		7CC4189D29C16F1A004CE58B /* OrderItem.swift */ = {isa = PBXFileReference; lastKnownFileType = sourcecode.swift; path = OrderItem.swift; sourceTree = "<group>"; };
		7CC418A229C1958F004CE58B /* PastOrderView.swift */ = {isa = PBXFileReference; lastKnownFileType = sourcecode.swift; path = PastOrderView.swift; sourceTree = "<group>"; };
		7CC418A429C19598004CE58B /* HelpView.swift */ = {isa = PBXFileReference; lastKnownFileType = sourcecode.swift; path = HelpView.swift; sourceTree = "<group>"; };
		7CCCEFBB29B7C1EC00E27BAA /* SignUpViewFive.swift */ = {isa = PBXFileReference; lastKnownFileType = sourcecode.swift; path = SignUpViewFive.swift; sourceTree = "<group>"; };
		7CCCEFBF29B7CCCA00E27BAA /* ShopsView.swift */ = {isa = PBXFileReference; lastKnownFileType = sourcecode.swift; path = ShopsView.swift; sourceTree = "<group>"; };
		7CCCEFC429B7CD2E00E27BAA /* WalletView.swift */ = {isa = PBXFileReference; lastKnownFileType = sourcecode.swift; path = WalletView.swift; sourceTree = "<group>"; };
		7CD78BF4299DE8C8002E01E1 /* PasswordView.swift */ = {isa = PBXFileReference; lastKnownFileType = sourcecode.swift; path = PasswordView.swift; sourceTree = "<group>"; };
		7CEB24D629BE53CF00018FB2 /* PendingOrder.swift */ = {isa = PBXFileReference; lastKnownFileType = sourcecode.swift; path = PendingOrder.swift; sourceTree = "<group>"; };
		7CEDCD1329BBB4B700C70EF5 /* PersonalView.swift */ = {isa = PBXFileReference; lastKnownFileType = sourcecode.swift; path = PersonalView.swift; sourceTree = "<group>"; };
		7CF74DC6299C620B002B2BB9 /* GetStartedButtonModifier.swift */ = {isa = PBXFileReference; lastKnownFileType = sourcecode.swift; path = GetStartedButtonModifier.swift; sourceTree = "<group>"; };
		7CF74DC8299C638F002B2BB9 /* EmailView.swift */ = {isa = PBXFileReference; lastKnownFileType = sourcecode.swift; path = EmailView.swift; sourceTree = "<group>"; };
		7CF74DCC299C65A4002B2BB9 /* NextButtonModifier.swift */ = {isa = PBXFileReference; lastKnownFileType = sourcecode.swift; path = NextButtonModifier.swift; sourceTree = "<group>"; };
		7CF74DCE299C72DF002B2BB9 /* SignUpViewThree.swift */ = {isa = PBXFileReference; lastKnownFileType = sourcecode.swift; path = SignUpViewThree.swift; sourceTree = "<group>"; };
		7CF74DD0299C738D002B2BB9 /* SignUpViewFour.swift */ = {isa = PBXFileReference; lastKnownFileType = sourcecode.swift; path = SignUpViewFour.swift; sourceTree = "<group>"; };
		7CF74DD2299C76F2002B2BB9 /* UserTypeButtonModifier.swift */ = {isa = PBXFileReference; lastKnownFileType = sourcecode.swift; path = UserTypeButtonModifier.swift; sourceTree = "<group>"; };
		7CFE305A29A05EB600283B21 /* Launch Screen.storyboard */ = {isa = PBXFileReference; lastKnownFileType = file.storyboard; path = "Launch Screen.storyboard"; sourceTree = "<group>"; };
		E943114829A179B700E26EBE /* KeyboardResponder.swift */ = {isa = PBXFileReference; lastKnownFileType = sourcecode.swift; path = KeyboardResponder.swift; sourceTree = "<group>"; };
		E94ABC0929A0438D004DEC26 /* Router.swift */ = {isa = PBXFileReference; lastKnownFileType = sourcecode.swift; path = Router.swift; sourceTree = "<group>"; };
		E9A3DA1C29CF648600F5A1D0 /* GoogleService-Info.plist */ = {isa = PBXFileReference; fileEncoding = 4; lastKnownFileType = text.plist.xml; path = "GoogleService-Info.plist"; sourceTree = "<group>"; };
		E9DD9CCF29C0F1D80001106E /* Order.swift */ = {isa = PBXFileReference; lastKnownFileType = sourcecode.swift; path = Order.swift; sourceTree = "<group>"; };
/* End PBXFileReference section */

/* Begin PBXFrameworksBuildPhase section */
		7C45EC19299B26B300F3B439 /* Frameworks */ = {
			isa = PBXFrameworksBuildPhase;
			buildActionMask = 2147483647;
			files = (
				E9B38F9729CBE2EB0053C2FE /* Kingfisher in Frameworks */,
				E97A865929C21A100089F028 /* FirebaseAuth in Frameworks */,
				E97A865B29C21A100089F028 /* FirebaseFirestore in Frameworks */,
				E97A865D29C21A100089F028 /* FirebaseFirestoreSwift in Frameworks */,
			);
			runOnlyForDeploymentPostprocessing = 0;
		};
/* End PBXFrameworksBuildPhase section */

/* Begin PBXGroup section */
		7C45EC13299B26B300F3B439 = {
			isa = PBXGroup;
			children = (
				7CFE305A29A05EB600283B21 /* Launch Screen.storyboard */,
				7C45EC1E299B26B300F3B439 /* Pare */,
				7C45EC1D299B26B300F3B439 /* Products */,
			);
			sourceTree = "<group>";
		};
		7C45EC1D299B26B300F3B439 /* Products */ = {
			isa = PBXGroup;
			children = (
				7C45EC1C299B26B300F3B439 /* Pare.app */,
			);
			name = Products;
			sourceTree = "<group>";
		};
		7C45EC1E299B26B300F3B439 /* Pare */ = {
			isa = PBXGroup;
			children = (
				E9B0CF9429B932DC008D9FDA /* Web3 */,
				7C45EC42299B2D2100F3B439 /* Model */,
				7C86262529B7EC7600919213 /* View Components  */,
				7C86262229B7E80B00919213 /* Consumer Views */,
				7CCCEFBE29B7CB6F00E27BAA /* Button Modifiers */,
				7C45EC5E299B33C900F3B439 /* ViewModel */,
				7C45EC5B299B327500F3B439 /* Service */,
				7C45EC41299B2D1B00F3B439 /* Onboarding */,
				7C45EC1F299B26B300F3B439 /* PareApp.swift */,
				7C45EC33299B298800F3B439 /* CustomInputTextField.swift */,
				7C45EC21299B26B300F3B439 /* ContentView.swift */,
				E9A3DA1C29CF648600F5A1D0 /* GoogleService-Info.plist */,
				7C45EC23299B26B900F3B439 /* Assets.xcassets */,
				7C45EC25299B26B900F3B439 /* Preview Content */,
			);
			path = Pare;
			sourceTree = "<group>";
		};
		7C45EC25299B26B900F3B439 /* Preview Content */ = {
			isa = PBXGroup;
			children = (
				7C45EC26299B26B900F3B439 /* Preview Assets.xcassets */,
			);
			path = "Preview Content";
			sourceTree = "<group>";
		};
		7C45EC41299B2D1B00F3B439 /* Onboarding */ = {
			isa = PBXGroup;
			children = (
				7C45EC3D299B2CF700F3B439 /* WelcomeView.swift */,
				7CF74DC8299C638F002B2BB9 /* EmailView.swift */,
				7C45EC43299B2D5200F3B439 /* SignUpViewOne.swift */,
				7C45EC45299B2D5F00F3B439 /* SignUpViewTwo.swift */,
				7CF74DCE299C72DF002B2BB9 /* SignUpViewThree.swift */,
				7CF74DD0299C738D002B2BB9 /* SignUpViewFour.swift */,
				7CCCEFBB29B7C1EC00E27BAA /* SignUpViewFive.swift */,
				7CD78BF4299DE8C8002E01E1 /* PasswordView.swift */,
			);
			path = Onboarding;
			sourceTree = "<group>";
		};
		7C45EC42299B2D2100F3B439 /* Model */ = {
			isa = PBXGroup;
			children = (
				7CC4189F29C16F27004CE58B /* Pending Order Models */,
				E9DD9CCF29C0F1D80001106E /* Order.swift */,
				E9DD9CCE29C0F19F0001106E /* orderComponents */,
				E9DD9CCD29C0F1730001106E /* Authentication */,
				7C0439E129B938920037EE72 /* Shop.swift */,
			);
			path = Model;
			sourceTree = "<group>";
		};
		7C45EC5B299B327500F3B439 /* Service */ = {
			isa = PBXGroup;
			children = (
				7C45EC5C299B32B100F3B439 /* UserService.swift */,
				E94ABC0929A0438D004DEC26 /* Router.swift */,
				E943114829A179B700E26EBE /* KeyboardResponder.swift */,
				7C0439E529B939620037EE72 /* ShopService.swift */,
				7C37106329E1F30B00EC4E07 /* SheetManager.swift */,
			);
			path = Service;
			sourceTree = "<group>";
		};
		7C45EC5E299B33C900F3B439 /* ViewModel */ = {
			isa = PBXGroup;
			children = (
				7C45EC61299B354A00F3B439 /* AppState.swift */,
				7C45EC3F299B2D0100F3B439 /* AuthViewModel.swift */,
				7C0439E329B939170037EE72 /* ShopViewModel.swift */,
			);
			path = ViewModel;
			sourceTree = "<group>";
		};
		7C86262229B7E80B00919213 /* Consumer Views */ = {
			isa = PBXGroup;
			children = (
				7C86263029B818E400919213 /* CheckoutView.swift */,
				7CCCEFBF29B7CCCA00E27BAA /* ShopsView.swift */,
				7CCCEFC429B7CD2E00E27BAA /* WalletView.swift */,
				7C86262829B7F0F000919213 /* ShopItemView.swift */,
				7C86262C29B7FD1900919213 /* AddItemView.swift */,
				7C86263629B839A300919213 /* OrderStatusModalView.swift */,
				7C0439DC29B90C7A0037EE72 /* ProfileView.swift */,
				7CEDCD1329BBB4B700C70EF5 /* PersonalView.swift */,
				7CC418A229C1958F004CE58B /* PastOrderView.swift */,
				7CC418A429C19598004CE58B /* HelpView.swift */,
				7CB5F3DE29DCE6C600A13A2B /* PaySubView.swift */,
				7C37106129E1EC7D00EC4E07 /* PopUpView.swift */,
			);
			path = "Consumer Views";
			sourceTree = "<group>";
		};
		7C86262529B7EC7600919213 /* View Components  */ = {
			isa = PBXGroup;
			children = (
				7C86262329B7E88600919213 /* ShopCell.swift */,
				7C86262629B7EC9500919213 /* SearchBar.swift */,
				7C86262A29B7F86000919213 /* ItemCell.swift */,
				7C86262E29B8114100919213 /* AddItemCell.swift */,
				7C86263229B8195B00919213 /* OrderItemCell.swift */,
				7C0439DE29B90E130037EE72 /* ProfileItemCell.swift */,
				7C97788429BAA88500F0C6C5 /* RequiredItemCell.swift */,
				7C97788829BAAA3A00F0C6C5 /* ModificationItemCell.swift */,
				7C840AF729C2253F001F067E /* PastOrderCell.swift */,
			);
			path = "View Components ";
			sourceTree = "<group>";
		};
		7CC4189F29C16F27004CE58B /* Pending Order Models */ = {
			isa = PBXGroup;
			children = (
				7CEB24D629BE53CF00018FB2 /* PendingOrder.swift */,
				7CC4189D29C16F1A004CE58B /* OrderItem.swift */,
			);
			path = "Pending Order Models";
			sourceTree = "<group>";
		};
		7CCCEFBE29B7CB6F00E27BAA /* Button Modifiers */ = {
			isa = PBXGroup;
			children = (
				7C45EC37299B2AC700F3B439 /* ButtonModifier.swift */,
				7C8BBD0629A15AD300414DF0 /* StartButtonModifier.swift */,
				7CF74DC6299C620B002B2BB9 /* GetStartedButtonModifier.swift */,
				7CF74DD2299C76F2002B2BB9 /* UserTypeButtonModifier.swift */,
				7CF74DCC299C65A4002B2BB9 /* NextButtonModifier.swift */,
			);
			path = "Button Modifiers";
			sourceTree = "<group>";
		};
		E9B0CF9429B932DC008D9FDA /* Web3 */ = {
			isa = PBXGroup;
			children = (
			);
			path = Web3;
			sourceTree = "<group>";
		};
		E9DD9CCD29C0F1730001106E /* Authentication */ = {
			isa = PBXGroup;
			children = (
				7C45EC5F299B341400F3B439 /* User.swift */,
				7CA914BE299DB9790006ED5B /* UserCheck.swift */,
			);
			path = Authentication;
			sourceTree = "<group>";
		};
		E9DD9CCE29C0F19F0001106E /* orderComponents */ = {
			isa = PBXGroup;
			children = (
				7CA83B4A29BA578900E4C4CD /* MenuItem.swift */,
				7C97788229BAA68900F0C6C5 /* Required.swift */,
				7C97788629BAA97C00F0C6C5 /* Modification.swift */,
				7C97788029BA9E8500F0C6C5 /* Add.swift */,
			);
			path = orderComponents;
			sourceTree = "<group>";
		};
/* End PBXGroup section */

/* Begin PBXNativeTarget section */
		7C45EC1B299B26B300F3B439 /* Pare */ = {
			isa = PBXNativeTarget;
			buildConfigurationList = 7C45EC2A299B26B900F3B439 /* Build configuration list for PBXNativeTarget "Pare" */;
			buildPhases = (
				7C45EC18299B26B300F3B439 /* Sources */,
				7C45EC19299B26B300F3B439 /* Frameworks */,
				7C45EC1A299B26B300F3B439 /* Resources */,
			);
			buildRules = (
			);
			dependencies = (
			);
			name = Pare;
			packageProductDependencies = (
				E97A865829C21A100089F028 /* FirebaseAuth */,
				E97A865A29C21A100089F028 /* FirebaseFirestore */,
				E97A865C29C21A100089F028 /* FirebaseFirestoreSwift */,
				E9B38F9629CBE2EB0053C2FE /* Kingfisher */,
			);
			productName = Follis;
			productReference = 7C45EC1C299B26B300F3B439 /* Pare.app */;
			productType = "com.apple.product-type.application";
		};
/* End PBXNativeTarget section */

/* Begin PBXProject section */
		7C45EC14299B26B300F3B439 /* Project object */ = {
			isa = PBXProject;
			attributes = {
				BuildIndependentTargetsInParallel = 1;
				LastSwiftUpdateCheck = 1340;
				LastUpgradeCheck = 1340;
				TargetAttributes = {
					7C45EC1B299B26B300F3B439 = {
						CreatedOnToolsVersion = 13.4.1;
					};
				};
			};
			buildConfigurationList = 7C45EC17299B26B300F3B439 /* Build configuration list for PBXProject "Pare" */;
			compatibilityVersion = "Xcode 13.0";
			developmentRegion = en;
			hasScannedForEncodings = 0;
			knownRegions = (
				en,
				Base,
			);
			mainGroup = 7C45EC13299B26B300F3B439;
			packageReferences = (
				E97A865729C21A100089F028 /* XCRemoteSwiftPackageReference "firebase-ios-sdk" */,
				E9B38F9529CBE2EA0053C2FE /* XCRemoteSwiftPackageReference "Kingfisher" */,
			);
			productRefGroup = 7C45EC1D299B26B300F3B439 /* Products */;
			projectDirPath = "";
			projectRoot = "";
			targets = (
				7C45EC1B299B26B300F3B439 /* Pare */,
			);
		};
/* End PBXProject section */

/* Begin PBXResourcesBuildPhase section */
		7C45EC1A299B26B300F3B439 /* Resources */ = {
			isa = PBXResourcesBuildPhase;
			buildActionMask = 2147483647;
			files = (
				7C45EC27299B26B900F3B439 /* Preview Assets.xcassets in Resources */,
				7C45EC24299B26B900F3B439 /* Assets.xcassets in Resources */,
				E9A3DA1D29CF648600F5A1D0 /* GoogleService-Info.plist in Resources */,
				7CFE305B29A05EB600283B21 /* Launch Screen.storyboard in Resources */,
			);
			runOnlyForDeploymentPostprocessing = 0;
		};
/* End PBXResourcesBuildPhase section */

/* Begin PBXSourcesBuildPhase section */
		7C45EC18299B26B300F3B439 /* Sources */ = {
			isa = PBXSourcesBuildPhase;
			buildActionMask = 2147483647;
			files = (
				7C86263129B818E400919213 /* CheckoutView.swift in Sources */,
				7C0439DF29B90E130037EE72 /* ProfileItemCell.swift in Sources */,
				7C840AF829C2253F001F067E /* PastOrderCell.swift in Sources */,
				7C45EC44299B2D5200F3B439 /* SignUpViewOne.swift in Sources */,
				7C86263329B8195B00919213 /* OrderItemCell.swift in Sources */,
				7C45EC3E299B2CF700F3B439 /* WelcomeView.swift in Sources */,
				7C97788729BAA97C00F0C6C5 /* Modification.swift in Sources */,
				7C86262929B7F0F000919213 /* ShopItemView.swift in Sources */,
				7CF74DC9299C638F002B2BB9 /* EmailView.swift in Sources */,
				E9DD9CD029C0F1D80001106E /* Order.swift in Sources */,
				7CC418A329C1958F004CE58B /* PastOrderView.swift in Sources */,
				7CEDCD1429BBB4B700C70EF5 /* PersonalView.swift in Sources */,
				E94ABC0A29A0438D004DEC26 /* Router.swift in Sources */,
				7C45EC62299B354A00F3B439 /* AppState.swift in Sources */,
				7C45EC34299B298800F3B439 /* CustomInputTextField.swift in Sources */,
				7C45EC40299B2D0100F3B439 /* AuthViewModel.swift in Sources */,
				7CCCEFC529B7CD2E00E27BAA /* WalletView.swift in Sources */,
				7C45EC22299B26B300F3B439 /* ContentView.swift in Sources */,
				7C86262D29B7FD1900919213 /* AddItemView.swift in Sources */,
				7C97788929BAAA3A00F0C6C5 /* ModificationItemCell.swift in Sources */,
				7C97788329BAA68900F0C6C5 /* Required.swift in Sources */,
				7CCCEFC029B7CCCA00E27BAA /* ShopsView.swift in Sources */,
				7C0439E429B939170037EE72 /* ShopViewModel.swift in Sources */,
				7C97788129BA9E8500F0C6C5 /* Add.swift in Sources */,
				7CF74DC7299C620C002B2BB9 /* GetStartedButtonModifier.swift in Sources */,
				7CF74DCF299C72DF002B2BB9 /* SignUpViewThree.swift in Sources */,
				7CCCEFBC29B7C1EC00E27BAA /* SignUpViewFive.swift in Sources */,
				7C86263729B839A300919213 /* OrderStatusModalView.swift in Sources */,
				7C86262F29B8114100919213 /* AddItemCell.swift in Sources */,
				7C45EC5D299B32B200F3B439 /* UserService.swift in Sources */,
				7C86262B29B7F86000919213 /* ItemCell.swift in Sources */,
				7C45EC46299B2D5F00F3B439 /* SignUpViewTwo.swift in Sources */,
				7C45EC20299B26B300F3B439 /* PareApp.swift in Sources */,
				7CEB24D729BE53CF00018FB2 /* PendingOrder.swift in Sources */,
				E943114929A179B700E26EBE /* KeyboardResponder.swift in Sources */,
				7C45EC38299B2AC700F3B439 /* ButtonModifier.swift in Sources */,
				7CC418A529C19598004CE58B /* HelpView.swift in Sources */,
				7C86262729B7EC9500919213 /* SearchBar.swift in Sources */,
				7C8BBD0729A15AD300414DF0 /* StartButtonModifier.swift in Sources */,
				7C37106229E1EC7D00EC4E07 /* PopUpView.swift in Sources */,
				7CF74DCD299C65A4002B2BB9 /* NextButtonModifier.swift in Sources */,
				7CA83B4B29BA578900E4C4CD /* MenuItem.swift in Sources */,
				7C0439E629B939620037EE72 /* ShopService.swift in Sources */,
				7C0439DD29B90C7A0037EE72 /* ProfileView.swift in Sources */,
				7C37106429E1F30B00EC4E07 /* SheetManager.swift in Sources */,
				7CD78BF5299DE8C8002E01E1 /* PasswordView.swift in Sources */,
				7CF74DD3299C76F2002B2BB9 /* UserTypeButtonModifier.swift in Sources */,
				7CB5F3DF29DCE6C600A13A2B /* PaySubView.swift in Sources */,
				7C45EC60299B341400F3B439 /* User.swift in Sources */,
				7CF74DD1299C738D002B2BB9 /* SignUpViewFour.swift in Sources */,
				7C86262429B7E88600919213 /* ShopCell.swift in Sources */,
				7CA914BF299DB9790006ED5B /* UserCheck.swift in Sources */,
				7CC4189E29C16F1A004CE58B /* OrderItem.swift in Sources */,
				7C0439E229B938930037EE72 /* Shop.swift in Sources */,
				7C97788529BAA88500F0C6C5 /* RequiredItemCell.swift in Sources */,
			);
			runOnlyForDeploymentPostprocessing = 0;
		};
/* End PBXSourcesBuildPhase section */

/* Begin XCBuildConfiguration section */
		7C45EC28299B26B900F3B439 /* Debug */ = {
			isa = XCBuildConfiguration;
			buildSettings = {
				ALWAYS_SEARCH_USER_PATHS = NO;
				CLANG_ANALYZER_NONNULL = YES;
				CLANG_ANALYZER_NUMBER_OBJECT_CONVERSION = YES_AGGRESSIVE;
				CLANG_CXX_LANGUAGE_STANDARD = "gnu++17";
				CLANG_ENABLE_MODULES = YES;
				CLANG_ENABLE_OBJC_ARC = YES;
				CLANG_ENABLE_OBJC_WEAK = YES;
				CLANG_WARN_BLOCK_CAPTURE_AUTORELEASING = YES;
				CLANG_WARN_BOOL_CONVERSION = YES;
				CLANG_WARN_COMMA = YES;
				CLANG_WARN_CONSTANT_CONVERSION = YES;
				CLANG_WARN_DEPRECATED_OBJC_IMPLEMENTATIONS = YES;
				CLANG_WARN_DIRECT_OBJC_ISA_USAGE = YES_ERROR;
				CLANG_WARN_DOCUMENTATION_COMMENTS = YES;
				CLANG_WARN_EMPTY_BODY = YES;
				CLANG_WARN_ENUM_CONVERSION = YES;
				CLANG_WARN_INFINITE_RECURSION = YES;
				CLANG_WARN_INT_CONVERSION = YES;
				CLANG_WARN_NON_LITERAL_NULL_CONVERSION = YES;
				CLANG_WARN_OBJC_IMPLICIT_RETAIN_SELF = YES;
				CLANG_WARN_OBJC_LITERAL_CONVERSION = YES;
				CLANG_WARN_OBJC_ROOT_CLASS = YES_ERROR;
				CLANG_WARN_QUOTED_INCLUDE_IN_FRAMEWORK_HEADER = YES;
				CLANG_WARN_RANGE_LOOP_ANALYSIS = YES;
				CLANG_WARN_STRICT_PROTOTYPES = YES;
				CLANG_WARN_SUSPICIOUS_MOVE = YES;
				CLANG_WARN_UNGUARDED_AVAILABILITY = YES_AGGRESSIVE;
				CLANG_WARN_UNREACHABLE_CODE = YES;
				CLANG_WARN__DUPLICATE_METHOD_MATCH = YES;
				COPY_PHASE_STRIP = NO;
				DEBUG_INFORMATION_FORMAT = dwarf;
				ENABLE_STRICT_OBJC_MSGSEND = YES;
				ENABLE_TESTABILITY = YES;
				GCC_C_LANGUAGE_STANDARD = gnu11;
				GCC_DYNAMIC_NO_PIC = NO;
				GCC_NO_COMMON_BLOCKS = YES;
				GCC_OPTIMIZATION_LEVEL = 0;
				GCC_PREPROCESSOR_DEFINITIONS = (
					"DEBUG=1",
					"$(inherited)",
				);
				GCC_WARN_64_TO_32_BIT_CONVERSION = YES;
				GCC_WARN_ABOUT_RETURN_TYPE = YES_ERROR;
				GCC_WARN_UNDECLARED_SELECTOR = YES;
				GCC_WARN_UNINITIALIZED_AUTOS = YES_AGGRESSIVE;
				GCC_WARN_UNUSED_FUNCTION = YES;
				GCC_WARN_UNUSED_VARIABLE = YES;
				IPHONEOS_DEPLOYMENT_TARGET = 15.5;
				MTL_ENABLE_DEBUG_INFO = INCLUDE_SOURCE;
				MTL_FAST_MATH = YES;
				ONLY_ACTIVE_ARCH = YES;
				SDKROOT = iphoneos;
				SWIFT_ACTIVE_COMPILATION_CONDITIONS = DEBUG;
				SWIFT_OPTIMIZATION_LEVEL = "-Onone";
			};
			name = Debug;
		};
		7C45EC29299B26B900F3B439 /* Release */ = {
			isa = XCBuildConfiguration;
			buildSettings = {
				ALWAYS_SEARCH_USER_PATHS = NO;
				CLANG_ANALYZER_NONNULL = YES;
				CLANG_ANALYZER_NUMBER_OBJECT_CONVERSION = YES_AGGRESSIVE;
				CLANG_CXX_LANGUAGE_STANDARD = "gnu++17";
				CLANG_ENABLE_MODULES = YES;
				CLANG_ENABLE_OBJC_ARC = YES;
				CLANG_ENABLE_OBJC_WEAK = YES;
				CLANG_WARN_BLOCK_CAPTURE_AUTORELEASING = YES;
				CLANG_WARN_BOOL_CONVERSION = YES;
				CLANG_WARN_COMMA = YES;
				CLANG_WARN_CONSTANT_CONVERSION = YES;
				CLANG_WARN_DEPRECATED_OBJC_IMPLEMENTATIONS = YES;
				CLANG_WARN_DIRECT_OBJC_ISA_USAGE = YES_ERROR;
				CLANG_WARN_DOCUMENTATION_COMMENTS = YES;
				CLANG_WARN_EMPTY_BODY = YES;
				CLANG_WARN_ENUM_CONVERSION = YES;
				CLANG_WARN_INFINITE_RECURSION = YES;
				CLANG_WARN_INT_CONVERSION = YES;
				CLANG_WARN_NON_LITERAL_NULL_CONVERSION = YES;
				CLANG_WARN_OBJC_IMPLICIT_RETAIN_SELF = YES;
				CLANG_WARN_OBJC_LITERAL_CONVERSION = YES;
				CLANG_WARN_OBJC_ROOT_CLASS = YES_ERROR;
				CLANG_WARN_QUOTED_INCLUDE_IN_FRAMEWORK_HEADER = YES;
				CLANG_WARN_RANGE_LOOP_ANALYSIS = YES;
				CLANG_WARN_STRICT_PROTOTYPES = YES;
				CLANG_WARN_SUSPICIOUS_MOVE = YES;
				CLANG_WARN_UNGUARDED_AVAILABILITY = YES_AGGRESSIVE;
				CLANG_WARN_UNREACHABLE_CODE = YES;
				CLANG_WARN__DUPLICATE_METHOD_MATCH = YES;
				COPY_PHASE_STRIP = NO;
				DEBUG_INFORMATION_FORMAT = "dwarf-with-dsym";
				ENABLE_NS_ASSERTIONS = NO;
				ENABLE_STRICT_OBJC_MSGSEND = YES;
				GCC_C_LANGUAGE_STANDARD = gnu11;
				GCC_NO_COMMON_BLOCKS = YES;
				GCC_WARN_64_TO_32_BIT_CONVERSION = YES;
				GCC_WARN_ABOUT_RETURN_TYPE = YES_ERROR;
				GCC_WARN_UNDECLARED_SELECTOR = YES;
				GCC_WARN_UNINITIALIZED_AUTOS = YES_AGGRESSIVE;
				GCC_WARN_UNUSED_FUNCTION = YES;
				GCC_WARN_UNUSED_VARIABLE = YES;
				IPHONEOS_DEPLOYMENT_TARGET = 15.5;
				MTL_ENABLE_DEBUG_INFO = NO;
				MTL_FAST_MATH = YES;
				SDKROOT = iphoneos;
				SWIFT_COMPILATION_MODE = wholemodule;
				SWIFT_OPTIMIZATION_LEVEL = "-O";
				VALIDATE_PRODUCT = YES;
			};
			name = Release;
		};
		7C45EC2B299B26B900F3B439 /* Debug */ = {
			isa = XCBuildConfiguration;
			buildSettings = {
				ASSETCATALOG_COMPILER_APPICON_NAME = AppIcon;
				ASSETCATALOG_COMPILER_GLOBAL_ACCENT_COLOR_NAME = AccentColor;
				ASSETCATALOG_COMPILER_INCLUDE_ALL_APPICON_ASSETS = YES;
				CODE_SIGN_STYLE = Automatic;
				CURRENT_PROJECT_VERSION = 4;
				DEVELOPMENT_ASSET_PATHS = "\"Pare/Preview Content\"";
				DEVELOPMENT_TEAM = U28DY7SUR7;
				ENABLE_PREVIEWS = YES;
				GENERATE_INFOPLIST_FILE = YES;
				INFOPLIST_FILE = Pare/Info.plist;
				INFOPLIST_KEY_CFBundleDisplayName = Pare;
				INFOPLIST_KEY_LSApplicationCategoryType = "public.app-category.food-and-drink";
				INFOPLIST_KEY_UIApplicationSupportsIndirectInputEvents = YES;
				INFOPLIST_KEY_UILaunchStoryboardName = "Launch Screen.storyboard";
				INFOPLIST_KEY_UISupportedInterfaceOrientations = UIInterfaceOrientationPortrait;
				INFOPLIST_KEY_UISupportedInterfaceOrientations_iPad = "UIInterfaceOrientationPortrait UIInterfaceOrientationPortraitUpsideDown UIInterfaceOrientationLandscapeLeft UIInterfaceOrientationLandscapeRight";
				INFOPLIST_KEY_UISupportedInterfaceOrientations_iPhone = "UIInterfaceOrientationPortrait UIInterfaceOrientationLandscapeLeft UIInterfaceOrientationLandscapeRight";
				INFOPLIST_KEY_UIUserInterfaceStyle = Light;
				IPHONEOS_DEPLOYMENT_TARGET = 15.0;
				LD_RUNPATH_SEARCH_PATHS = (
					"$(inherited)",
					"@executable_path/Frameworks",
				);
				MARKETING_VERSION = 0.1.0;
				PRODUCT_BUNDLE_IDENTIFIER = com.Pare.team;
				PRODUCT_NAME = "$(TARGET_NAME)";
				SWIFT_EMIT_LOC_STRINGS = YES;
				SWIFT_VERSION = 5.0;
				TARGETED_DEVICE_FAMILY = 1;
			};
			name = Debug;
		};
		7C45EC2C299B26B900F3B439 /* Release */ = {
			isa = XCBuildConfiguration;
			buildSettings = {
				ASSETCATALOG_COMPILER_APPICON_NAME = AppIcon;
				ASSETCATALOG_COMPILER_GLOBAL_ACCENT_COLOR_NAME = AccentColor;
				ASSETCATALOG_COMPILER_INCLUDE_ALL_APPICON_ASSETS = YES;
				CODE_SIGN_STYLE = Automatic;
				CURRENT_PROJECT_VERSION = 4;
				DEVELOPMENT_ASSET_PATHS = "\"Pare/Preview Content\"";
				DEVELOPMENT_TEAM = U28DY7SUR7;
				ENABLE_PREVIEWS = YES;
				GENERATE_INFOPLIST_FILE = YES;
				INFOPLIST_FILE = Pare/Info.plist;
				INFOPLIST_KEY_CFBundleDisplayName = Pare;
				INFOPLIST_KEY_LSApplicationCategoryType = "public.app-category.food-and-drink";
				INFOPLIST_KEY_UIApplicationSupportsIndirectInputEvents = YES;
				INFOPLIST_KEY_UILaunchStoryboardName = "Launch Screen.storyboard";
				INFOPLIST_KEY_UISupportedInterfaceOrientations = UIInterfaceOrientationPortrait;
				INFOPLIST_KEY_UISupportedInterfaceOrientations_iPad = "UIInterfaceOrientationPortrait UIInterfaceOrientationPortraitUpsideDown UIInterfaceOrientationLandscapeLeft UIInterfaceOrientationLandscapeRight";
				INFOPLIST_KEY_UISupportedInterfaceOrientations_iPhone = "UIInterfaceOrientationPortrait UIInterfaceOrientationLandscapeLeft UIInterfaceOrientationLandscapeRight";
				INFOPLIST_KEY_UIUserInterfaceStyle = Light;
				IPHONEOS_DEPLOYMENT_TARGET = 15.0;
				LD_RUNPATH_SEARCH_PATHS = (
					"$(inherited)",
					"@executable_path/Frameworks",
				);
				MARKETING_VERSION = 0.1.0;
				PRODUCT_BUNDLE_IDENTIFIER = com.Pare.team;
				PRODUCT_NAME = "$(TARGET_NAME)";
				SWIFT_EMIT_LOC_STRINGS = YES;
				SWIFT_VERSION = 5.0;
				TARGETED_DEVICE_FAMILY = 1;
			};
			name = Release;
		};
/* End XCBuildConfiguration section */

/* Begin XCConfigurationList section */
		7C45EC17299B26B300F3B439 /* Build configuration list for PBXProject "Pare" */ = {
			isa = XCConfigurationList;
			buildConfigurations = (
				7C45EC28299B26B900F3B439 /* Debug */,
				7C45EC29299B26B900F3B439 /* Release */,
			);
			defaultConfigurationIsVisible = 0;
			defaultConfigurationName = Release;
		};
		7C45EC2A299B26B900F3B439 /* Build configuration list for PBXNativeTarget "Pare" */ = {
			isa = XCConfigurationList;
			buildConfigurations = (
				7C45EC2B299B26B900F3B439 /* Debug */,
				7C45EC2C299B26B900F3B439 /* Release */,
			);
			defaultConfigurationIsVisible = 0;
			defaultConfigurationName = Release;
		};
/* End XCConfigurationList section */

/* Begin XCRemoteSwiftPackageReference section */
		E97A865729C21A100089F028 /* XCRemoteSwiftPackageReference "firebase-ios-sdk" */ = {
			isa = XCRemoteSwiftPackageReference;
			repositoryURL = "https://github.com/firebase/firebase-ios-sdk.git";
			requirement = {
				branch = master;
				kind = branch;
			};
		};
		E9B38F9529CBE2EA0053C2FE /* XCRemoteSwiftPackageReference "Kingfisher" */ = {
			isa = XCRemoteSwiftPackageReference;
			repositoryURL = "https://github.com/onevcat/Kingfisher";
			requirement = {
				kind = upToNextMajorVersion;
				minimumVersion = 7.0.0;
			};
		};
/* End XCRemoteSwiftPackageReference section */

/* Begin XCSwiftPackageProductDependency section */
		E97A865829C21A100089F028 /* FirebaseAuth */ = {
			isa = XCSwiftPackageProductDependency;
			package = E97A865729C21A100089F028 /* XCRemoteSwiftPackageReference "firebase-ios-sdk" */;
			productName = FirebaseAuth;
		};
		E97A865A29C21A100089F028 /* FirebaseFirestore */ = {
			isa = XCSwiftPackageProductDependency;
			package = E97A865729C21A100089F028 /* XCRemoteSwiftPackageReference "firebase-ios-sdk" */;
			productName = FirebaseFirestore;
		};
		E97A865C29C21A100089F028 /* FirebaseFirestoreSwift */ = {
			isa = XCSwiftPackageProductDependency;
			package = E97A865729C21A100089F028 /* XCRemoteSwiftPackageReference "firebase-ios-sdk" */;
			productName = FirebaseFirestoreSwift;
		};
		E9B38F9629CBE2EB0053C2FE /* Kingfisher */ = {
			isa = XCSwiftPackageProductDependency;
			package = E9B38F9529CBE2EA0053C2FE /* XCRemoteSwiftPackageReference "Kingfisher" */;
			productName = Kingfisher;
		};
/* End XCSwiftPackageProductDependency section */
	};
	rootObject = 7C45EC14299B26B300F3B439 /* Project object */;
}
